// !$*UTF8*$!
{
	archiveVersion = 1;
	classes = {
	};
	objectVersion = 46;
	objects = {

/* Begin PBXBuildFile section */
		BB1647C613A281C700E64DEF /* FlickrToken.h in Headers */ = {isa = PBXBuildFile; fileRef = BB1647C413A281C700E64DEF /* FlickrToken.h */; settings = {ATTRIBUTES = (Public, ); }; };
		BB1647C713A281C700E64DEF /* FlickrToken.m in Sources */ = {isa = PBXBuildFile; fileRef = BB1647C513A281C700E64DEF /* FlickrToken.m */; };
		C72789FF1332894D008C4321 /* cr.large.png in Resources */ = {isa = PBXBuildFile; fileRef = C72789FD1332894D008C4321 /* cr.large.png */; };
		C7278A041333F0B4008C4321 /* FlickrLicense.h in Headers */ = {isa = PBXBuildFile; fileRef = C7278A021333F0B3008C4321 /* FlickrLicense.h */; settings = {ATTRIBUTES = (Public, ); }; };
		C7278A051333F0B4008C4321 /* FlickrLicense.m in Sources */ = {isa = PBXBuildFile; fileRef = C7278A031333F0B3008C4321 /* FlickrLicense.m */; };
		C72E5489141CF845007280F3 /* Makefile in Sources */ = {isa = PBXBuildFile; fileRef = C72E5472141CF845007280F3 /* Makefile */; };
		C73977B9140929D6005C8562 /* OAuthKit.framework in Frameworks */ = {isa = PBXBuildFile; fileRef = C73977B5140929C6005C8562 /* OAuthKit.framework */; };
		C73977BB140929F1005C8562 /* OAuthKit.framework in Copy Frameworks */ = {isa = PBXBuildFile; fileRef = C73977B5140929C6005C8562 /* OAuthKit.framework */; };
		C73977CA14092BEF005C8562 /* NSColor+CGColor.h in Headers */ = {isa = PBXBuildFile; fileRef = C73977C814092BEF005C8562 /* NSColor+CGColor.h */; };
		C73977CB14092BEF005C8562 /* NSColor+CGColor.m in Sources */ = {isa = PBXBuildFile; fileRef = C73977C914092BEF005C8562 /* NSColor+CGColor.m */; };
		C757798A13A1422E00060713 /* FlickrAuthorizationSheetController.h in Headers */ = {isa = PBXBuildFile; fileRef = C757798813A1422E00060713 /* FlickrAuthorizationSheetController.h */; settings = {ATTRIBUTES = (Public, ); }; };
		C757798B13A1422E00060713 /* FlickrAuthorizationSheetController.m in Sources */ = {isa = PBXBuildFile; fileRef = C757798913A1422E00060713 /* FlickrAuthorizationSheetController.m */; };
		C757798E13A1434F00060713 /* FlickrAuthorizationSheetController.xib in Resources */ = {isa = PBXBuildFile; fileRef = C757798D13A1434F00060713 /* FlickrAuthorizationSheetController.xib */; };
		C75A8B9A1333F32C00716282 /* FlickrAPIResponse.h in Headers */ = {isa = PBXBuildFile; fileRef = C75A8B991333F32C00716282 /* FlickrAPIResponse.h */; settings = {ATTRIBUTES = (Public, ); }; };
		C7638781136376D100362B2F /* FlickrPhotoset.h in Headers */ = {isa = PBXBuildFile; fileRef = C763877F136376D100362B2F /* FlickrPhotoset.h */; settings = {ATTRIBUTES = (Public, ); }; };
		C7638782136376D100362B2F /* FlickrPhotoset.m in Sources */ = {isa = PBXBuildFile; fileRef = C7638780136376D100362B2F /* FlickrPhotoset.m */; };
		C7692533132FEC6D005F6AC3 /* Cocoa.framework in Frameworks */ = {isa = PBXBuildFile; fileRef = C7692532132FEC6D005F6AC3 /* Cocoa.framework */; };
		C769253D132FEC6D005F6AC3 /* InfoPlist.strings in Resources */ = {isa = PBXBuildFile; fileRef = C769253B132FEC6D005F6AC3 /* InfoPlist.strings */; };
		C7692549132FEDA9005F6AC3 /* FlickrAPIResponse.m in Sources */ = {isa = PBXBuildFile; fileRef = C7692545132FEDA9005F6AC3 /* FlickrAPIResponse.m */; };
		C769254A132FEDA9005F6AC3 /* FlickrPhoto.h in Headers */ = {isa = PBXBuildFile; fileRef = C7692546132FEDA9005F6AC3 /* FlickrPhoto.h */; settings = {ATTRIBUTES = (Public, ); }; };
		C769254B132FEDA9005F6AC3 /* FlickrPhoto.m in Sources */ = {isa = PBXBuildFile; fileRef = C7692547132FEDA9005F6AC3 /* FlickrPhoto.m */; };
		C7692557132FEEFB005F6AC3 /* FlickrKit.h in Headers */ = {isa = PBXBuildFile; fileRef = C7692556132FEEFB005F6AC3 /* FlickrKit.h */; settings = {ATTRIBUTES = (Public, ); }; };
		C77A6609133F62950026C24B /* FlickrComment.h in Headers */ = {isa = PBXBuildFile; fileRef = C77A6607133F62950026C24B /* FlickrComment.h */; settings = {ATTRIBUTES = (Public, ); }; };
		C77A660A133F62950026C24B /* FlickrComment.m in Sources */ = {isa = PBXBuildFile; fileRef = C77A6608133F62950026C24B /* FlickrComment.m */; };
		C77F24AC15A9D86D00A914DD /* FlickrAPIRequest.h in Headers */ = {isa = PBXBuildFile; fileRef = C77F24AA15A9D86D00A914DD /* FlickrAPIRequest.h */; settings = {ATTRIBUTES = (Public, ); }; };
		C77F24AD15A9D86D00A914DD /* FlickrAPIRequest.m in Sources */ = {isa = PBXBuildFile; fileRef = C77F24AB15A9D86D00A914DD /* FlickrAPIRequest.m */; };
		C77F24B315A9F55C00A914DD /* FlickrAPIRequestDelegate.h in Headers */ = {isa = PBXBuildFile; fileRef = C77F24B215A9E52800A914DD /* FlickrAPIRequestDelegate.h */; settings = {ATTRIBUTES = (Public, ); }; };
		C78C0794137EC13C0048209E /* FlickrAuthorizationController.h in Headers */ = {isa = PBXBuildFile; fileRef = C78C0792137EC13B0048209E /* FlickrAuthorizationController.h */; settings = {ATTRIBUTES = (Public, ); }; };
		C78C0795137EC13C0048209E /* FlickrAuthorizationController.m in Sources */ = {isa = PBXBuildFile; fileRef = C78C0793137EC13C0048209E /* FlickrAuthorizationController.m */; };
		C78C0798137EC37A0048209E /* WebKit.framework in Frameworks */ = {isa = PBXBuildFile; fileRef = C78C0796137EC35A0048209E /* WebKit.framework */; };
		C78EA6F7136443450037BD27 /* FlickrImageSize.strings in Resources */ = {isa = PBXBuildFile; fileRef = C78EA6F5136441140037BD27 /* FlickrImageSize.strings */; };
		C799094A133262570000B732 /* by.large.png in Resources */ = {isa = PBXBuildFile; fileRef = C7990945133262570000B732 /* by.large.png */; };
		C799094B133262570000B732 /* cc.large.png in Resources */ = {isa = PBXBuildFile; fileRef = C7990946133262570000B732 /* cc.large.png */; };
		C799094C133262570000B732 /* nc.large.png in Resources */ = {isa = PBXBuildFile; fileRef = C7990947133262570000B732 /* nc.large.png */; };
		C799094D133262570000B732 /* nd.large.png in Resources */ = {isa = PBXBuildFile; fileRef = C7990948133262570000B732 /* nd.large.png */; };
		C799094E133262570000B732 /* sa.large.png in Resources */ = {isa = PBXBuildFile; fileRef = C7990949133262570000B732 /* sa.large.png */; };
		C7A07AD914CED1E100CF6C5F /* FlickrAuthorizationContext.h in Headers */ = {isa = PBXBuildFile; fileRef = C7A07AD714CED1E100CF6C5F /* FlickrAuthorizationContext.h */; settings = {ATTRIBUTES = (Public, ); }; };
		C7A07ADA14CED1E100CF6C5F /* FlickrAuthorizationContext.m in Sources */ = {isa = PBXBuildFile; fileRef = C7A07AD814CED1E100CF6C5F /* FlickrAuthorizationContext.m */; };
		C7AE251D1363650400C3D48D /* FlickrKitHelpers.m in Sources */ = {isa = PBXBuildFile; fileRef = C7AE251B1363650400C3D48D /* FlickrKitHelpers.m */; };
		C7C3AF57132FFC6900F8C083 /* FlickrTag.h in Headers */ = {isa = PBXBuildFile; fileRef = C7C3AF55132FFC6900F8C083 /* FlickrTag.h */; settings = {ATTRIBUTES = (Public, ); }; };
		C7C3AF58132FFC6900F8C083 /* FlickrTag.m in Sources */ = {isa = PBXBuildFile; fileRef = C7C3AF56132FFC6900F8C083 /* FlickrTag.m */; };
		C7D25BF5135DE373003FF694 /* FlickrEXIFTag.h in Headers */ = {isa = PBXBuildFile; fileRef = C7D25BF3135DE373003FF694 /* FlickrEXIFTag.h */; settings = {ATTRIBUTES = (Public, ); }; };
		C7D25BF6135DE373003FF694 /* FlickrEXIFTag.m in Sources */ = {isa = PBXBuildFile; fileRef = C7D25BF4135DE373003FF694 /* FlickrEXIFTag.m */; };
		C7D25BFA135DE887003FF694 /* FlickrAsynchronousFetcher.h in Headers */ = {isa = PBXBuildFile; fileRef = C7D25BF8135DE887003FF694 /* FlickrAsynchronousFetcher.h */; };
		C7D25BFB135DE887003FF694 /* FlickrAsynchronousFetcher.m in Sources */ = {isa = PBXBuildFile; fileRef = C7D25BF9135DE887003FF694 /* FlickrAsynchronousFetcher.m */; };
		C7DF0BC3133B62D6001BE05B /* FlickrKitConstants.h in Headers */ = {isa = PBXBuildFile; fileRef = C7DF0BC2133B62D6001BE05B /* FlickrKitConstants.h */; settings = {ATTRIBUTES = (Public, ); }; };
		C7E7A08B1365AF7D00BA33AD /* NSString+MD5Hash.h in Headers */ = {isa = PBXBuildFile; fileRef = C7E7A0891365AF7D00BA33AD /* NSString+MD5Hash.h */; };
		C7E7A08C1365AF7D00BA33AD /* NSString+MD5Hash.m in Sources */ = {isa = PBXBuildFile; fileRef = C7E7A08A1365AF7D00BA33AD /* NSString+MD5Hash.m */; };
		C7E99E5F133142DE0027226A /* FlickrPerson.h in Headers */ = {isa = PBXBuildFile; fileRef = C7E99E5D133142DD0027226A /* FlickrPerson.h */; settings = {ATTRIBUTES = (Public, ); }; };
		C7E99E60133142DE0027226A /* FlickrPerson.m in Sources */ = {isa = PBXBuildFile; fileRef = C7E99E5E133142DD0027226A /* FlickrPerson.m */; };
		C7E99E641331457E0027226A /* FlickrPersonManager.h in Headers */ = {isa = PBXBuildFile; fileRef = C7E99E621331457E0027226A /* FlickrPersonManager.h */; settings = {ATTRIBUTES = (Public, ); }; };
		C7E99E651331457E0027226A /* FlickrPersonManager.m in Sources */ = {isa = PBXBuildFile; fileRef = C7E99E631331457E0027226A /* FlickrPersonManager.m */; };
/* End PBXBuildFile section */

/* Begin PBXContainerItemProxy section */
		C73977B4140929C6005C8562 /* PBXContainerItemProxy */ = {
			isa = PBXContainerItemProxy;
			containerPortal = C73977AD140929C6005C8562 /* OAuthKit.xcodeproj */;
			proxyType = 2;
			remoteGlobalIDString = BBF0CBB91312E8B7004F85FE;
			remoteInfo = OAuthKit;
		};
		C73977B7140929CE005C8562 /* PBXContainerItemProxy */ = {
			isa = PBXContainerItemProxy;
			containerPortal = C73977AD140929C6005C8562 /* OAuthKit.xcodeproj */;
			proxyType = 1;
			remoteGlobalIDString = BBF0CBB81312E8B7004F85FE;
			remoteInfo = OAuthKit;
		};
/* End PBXContainerItemProxy section */

/* Begin PBXCopyFilesBuildPhase section */
		C73977BA140929E8005C8562 /* Copy Frameworks */ = {
			isa = PBXCopyFilesBuildPhase;
			buildActionMask = 2147483647;
			dstPath = "";
			dstSubfolderSpec = 10;
			files = (
				C73977BB140929F1005C8562 /* OAuthKit.framework in Copy Frameworks */,
			);
			name = "Copy Frameworks";
			runOnlyForDeploymentPostprocessing = 0;
		};
/* End PBXCopyFilesBuildPhase section */

/* Begin PBXFileReference section */
		BB1647C413A281C700E64DEF /* FlickrToken.h */ = {isa = PBXFileReference; fileEncoding = 4; lastKnownFileType = sourcecode.c.h; path = FlickrToken.h; sourceTree = "<group>"; };
		BB1647C513A281C700E64DEF /* FlickrToken.m */ = {isa = PBXFileReference; fileEncoding = 4; lastKnownFileType = sourcecode.c.objc; path = FlickrToken.m; sourceTree = "<group>"; };
		BB61E746141CF4E900839347 /* common.css */ = {isa = PBXFileReference; fileEncoding = 4; lastKnownFileType = text.css; path = common.css; sourceTree = "<group>"; };
		BB61E747141CF4E900839347 /* print.css */ = {isa = PBXFileReference; fileEncoding = 4; lastKnownFileType = text.css; path = print.css; sourceTree = "<group>"; };
		BB61E748141CF4E900839347 /* screen.css */ = {isa = PBXFileReference; fileEncoding = 4; lastKnownFileType = text.css; path = screen.css; sourceTree = "<group>"; };
		BB61E749141CF4E900839347 /* doxyclean.py */ = {isa = PBXFileReference; fileEncoding = 4; lastKnownFileType = text.script.python; path = doxyclean.py; sourceTree = "<group>"; };
		BB61E74A141CF4E900839347 /* index2html.xslt */ = {isa = PBXFileReference; fileEncoding = 4; lastKnownFileType = text.xml; path = index2html.xslt; sourceTree = "<group>"; };
		BB61E74B141CF4E900839347 /* object.xslt */ = {isa = PBXFileReference; fileEncoding = 4; lastKnownFileType = text.xml; path = object.xslt; sourceTree = "<group>"; };
		BB61E74C141CF4E900839347 /* object2html.xslt */ = {isa = PBXFileReference; fileEncoding = 4; lastKnownFileType = text.xml; path = object2html.xslt; sourceTree = "<group>"; };
		C72789FD1332894D008C4321 /* cr.large.png */ = {isa = PBXFileReference; lastKnownFileType = image.png; path = cr.large.png; sourceTree = "<group>"; };
		C7278A021333F0B3008C4321 /* FlickrLicense.h */ = {isa = PBXFileReference; fileEncoding = 4; lastKnownFileType = sourcecode.c.h; path = FlickrLicense.h; sourceTree = "<group>"; };
		C7278A031333F0B3008C4321 /* FlickrLicense.m */ = {isa = PBXFileReference; fileEncoding = 4; lastKnownFileType = sourcecode.c.objc; path = FlickrLicense.m; sourceTree = "<group>"; };
		C72E545D141CF845007280F3 /* annotated.tex */ = {isa = PBXFileReference; fileEncoding = 4; lastKnownFileType = text; path = annotated.tex; sourceTree = "<group>"; };
		C72E545E141CF845007280F3 /* class_n_s_string.tex */ = {isa = PBXFileReference; fileEncoding = 4; lastKnownFileType = text; path = class_n_s_string.tex; sourceTree = "<group>"; };
		C72E545F141CF845007280F3 /* doxygen.sty */ = {isa = PBXFileReference; fileEncoding = 4; lastKnownFileType = text; path = doxygen.sty; sourceTree = "<group>"; };
		C72E5460141CF845007280F3 /* interface_flickr_a_p_i_response.tex */ = {isa = PBXFileReference; fileEncoding = 4; lastKnownFileType = text; path = interface_flickr_a_p_i_response.tex; sourceTree = "<group>"; };
		C72E5461141CF845007280F3 /* interface_flickr_asynchronous_fetcher.tex */ = {isa = PBXFileReference; fileEncoding = 4; lastKnownFileType = text; path = interface_flickr_asynchronous_fetcher.tex; sourceTree = "<group>"; };
		C72E5462141CF845007280F3 /* interface_flickr_authorization_controller.tex */ = {isa = PBXFileReference; fileEncoding = 4; lastKnownFileType = text; path = interface_flickr_authorization_controller.tex; sourceTree = "<group>"; };
		C72E5463141CF845007280F3 /* interface_flickr_authorization_controller_07_private_08.tex */ = {isa = PBXFileReference; fileEncoding = 4; lastKnownFileType = text; path = interface_flickr_authorization_controller_07_private_08.tex; sourceTree = "<group>"; };
		C72E5464141CF845007280F3 /* interface_flickr_authorization_sheet_controller.tex */ = {isa = PBXFileReference; fileEncoding = 4; lastKnownFileType = text; path = interface_flickr_authorization_sheet_controller.tex; sourceTree = "<group>"; };
		C72E5465141CF845007280F3 /* interface_flickr_comment.tex */ = {isa = PBXFileReference; fileEncoding = 4; lastKnownFileType = text; path = interface_flickr_comment.tex; sourceTree = "<group>"; };
		C72E5466141CF845007280F3 /* interface_flickr_e_x_i_f_tag.tex */ = {isa = PBXFileReference; fileEncoding = 4; lastKnownFileType = text; path = interface_flickr_e_x_i_f_tag.tex; sourceTree = "<group>"; };
		C72E5467141CF845007280F3 /* interface_flickr_license.tex */ = {isa = PBXFileReference; fileEncoding = 4; lastKnownFileType = text; path = interface_flickr_license.tex; sourceTree = "<group>"; };
		C72E5468141CF845007280F3 /* interface_flickr_person.tex */ = {isa = PBXFileReference; fileEncoding = 4; lastKnownFileType = text; path = interface_flickr_person.tex; sourceTree = "<group>"; };
		C72E5469141CF845007280F3 /* interface_flickr_person_manager.tex */ = {isa = PBXFileReference; fileEncoding = 4; lastKnownFileType = text; path = interface_flickr_person_manager.tex; sourceTree = "<group>"; };
		C72E546A141CF845007280F3 /* interface_flickr_person_manager_07_private_08.tex */ = {isa = PBXFileReference; fileEncoding = 4; lastKnownFileType = text; path = interface_flickr_person_manager_07_private_08.tex; sourceTree = "<group>"; };
		C72E546B141CF845007280F3 /* interface_flickr_photo.tex */ = {isa = PBXFileReference; fileEncoding = 4; lastKnownFileType = text; path = interface_flickr_photo.tex; sourceTree = "<group>"; };
		C72E546C141CF845007280F3 /* interface_flickr_photo_07_private_08.tex */ = {isa = PBXFileReference; fileEncoding = 4; lastKnownFileType = text; path = interface_flickr_photo_07_private_08.tex; sourceTree = "<group>"; };
		C72E546D141CF845007280F3 /* interface_flickr_photoset.tex */ = {isa = PBXFileReference; fileEncoding = 4; lastKnownFileType = text; path = interface_flickr_photoset.tex; sourceTree = "<group>"; };
		C72E546E141CF845007280F3 /* interface_flickr_photoset_07_private_08.tex */ = {isa = PBXFileReference; fileEncoding = 4; lastKnownFileType = text; path = interface_flickr_photoset_07_private_08.tex; sourceTree = "<group>"; };
		C72E546F141CF845007280F3 /* interface_flickr_tag.tex */ = {isa = PBXFileReference; fileEncoding = 4; lastKnownFileType = text; path = interface_flickr_tag.tex; sourceTree = "<group>"; };
		C72E5470141CF845007280F3 /* interface_flickr_token.tex */ = {isa = PBXFileReference; fileEncoding = 4; lastKnownFileType = text; path = interface_flickr_token.tex; sourceTree = "<group>"; };
		C72E5471141CF845007280F3 /* interface_n_s_color_07_c_g_color_08.tex */ = {isa = PBXFileReference; fileEncoding = 4; lastKnownFileType = text; path = interface_n_s_color_07_c_g_color_08.tex; sourceTree = "<group>"; };
		C72E5472141CF845007280F3 /* Makefile */ = {isa = PBXFileReference; fileEncoding = 4; lastKnownFileType = sourcecode.make; path = Makefile; sourceTree = "<group>"; };
		C72E5473141CF845007280F3 /* refman.tex */ = {isa = PBXFileReference; fileEncoding = 4; lastKnownFileType = text; path = refman.tex; sourceTree = "<group>"; };
		C73977AD140929C6005C8562 /* OAuthKit.xcodeproj */ = {isa = PBXFileReference; lastKnownFileType = "wrapper.pb-project"; name = OAuthKit.xcodeproj; path = ../OAuthKit/OAuthKit.xcodeproj; sourceTree = "<group>"; };
		C73977C814092BEF005C8562 /* NSColor+CGColor.h */ = {isa = PBXFileReference; fileEncoding = 4; lastKnownFileType = sourcecode.c.h; path = "NSColor+CGColor.h"; sourceTree = "<group>"; };
		C73977C914092BEF005C8562 /* NSColor+CGColor.m */ = {isa = PBXFileReference; fileEncoding = 4; lastKnownFileType = sourcecode.c.objc; path = "NSColor+CGColor.m"; sourceTree = "<group>"; };
		C757798813A1422E00060713 /* FlickrAuthorizationSheetController.h */ = {isa = PBXFileReference; fileEncoding = 4; lastKnownFileType = sourcecode.c.h; path = FlickrAuthorizationSheetController.h; sourceTree = "<group>"; };
		C757798913A1422E00060713 /* FlickrAuthorizationSheetController.m */ = {isa = PBXFileReference; fileEncoding = 4; lastKnownFileType = sourcecode.c.objc; path = FlickrAuthorizationSheetController.m; sourceTree = "<group>"; };
		C757798D13A1434F00060713 /* FlickrAuthorizationSheetController.xib */ = {isa = PBXFileReference; fileEncoding = 4; lastKnownFileType = file.xib; path = FlickrAuthorizationSheetController.xib; sourceTree = "<group>"; };
		C75A8B991333F32C00716282 /* FlickrAPIResponse.h */ = {isa = PBXFileReference; fileEncoding = 4; lastKnownFileType = sourcecode.c.h; path = FlickrAPIResponse.h; sourceTree = "<group>"; };
		C763877F136376D100362B2F /* FlickrPhotoset.h */ = {isa = PBXFileReference; fileEncoding = 4; lastKnownFileType = sourcecode.c.h; path = FlickrPhotoset.h; sourceTree = "<group>"; };
		C7638780136376D100362B2F /* FlickrPhotoset.m */ = {isa = PBXFileReference; fileEncoding = 4; lastKnownFileType = sourcecode.c.objc; path = FlickrPhotoset.m; sourceTree = "<group>"; };
		C7679719141CF7810097A5C2 /* FlickrPerson.html */ = {isa = PBXFileReference; fileEncoding = 4; lastKnownFileType = text.html.documentation; path = FlickrPerson.html; sourceTree = "<group>"; };
		C767971A141CF7810097A5C2 /* FlickrPersonManager.html */ = {isa = PBXFileReference; fileEncoding = 4; lastKnownFileType = text.html.documentation; path = FlickrPersonManager.html; sourceTree = "<group>"; };
		C767971C141CF7810097A5C2 /* common.css */ = {isa = PBXFileReference; fileEncoding = 4; lastKnownFileType = text.css; path = common.css; sourceTree = "<group>"; };
		C767971D141CF7810097A5C2 /* print.css */ = {isa = PBXFileReference; fileEncoding = 4; lastKnownFileType = text.css; path = print.css; sourceTree = "<group>"; };
		C767971E141CF7810097A5C2 /* screen.css */ = {isa = PBXFileReference; fileEncoding = 4; lastKnownFileType = text.css; path = screen.css; sourceTree = "<group>"; };
		C767971F141CF7810097A5C2 /* index.html */ = {isa = PBXFileReference; fileEncoding = 4; lastKnownFileType = text.html.documentation; path = index.html; sourceTree = "<group>"; };
		C7679722141CF7810097A5C2 /* FlickrPerson.xml */ = {isa = PBXFileReference; fileEncoding = 4; lastKnownFileType = text.xml; path = FlickrPerson.xml; sourceTree = "<group>"; };
		C7679723141CF7810097A5C2 /* FlickrPersonManager.xml */ = {isa = PBXFileReference; fileEncoding = 4; lastKnownFileType = text.xml; path = FlickrPersonManager.xml; sourceTree = "<group>"; };
		C7679724141CF7810097A5C2 /* index.xml */ = {isa = PBXFileReference; fileEncoding = 4; lastKnownFileType = text.xml; path = index.xml; sourceTree = "<group>"; };
		C7679726141CF7810097A5C2 /* _flickr_a_p_i_response_8h.xml */ = {isa = PBXFileReference; fileEncoding = 4; lastKnownFileType = text.xml; path = _flickr_a_p_i_response_8h.xml; sourceTree = "<group>"; };
		C7679727141CF7810097A5C2 /* _flickr_a_p_i_response_8m.xml */ = {isa = PBXFileReference; fileEncoding = 4; lastKnownFileType = text.xml; path = _flickr_a_p_i_response_8m.xml; sourceTree = "<group>"; };
		C7679728141CF7810097A5C2 /* _flickr_asynchronous_fetcher_8h.xml */ = {isa = PBXFileReference; fileEncoding = 4; lastKnownFileType = text.xml; path = _flickr_asynchronous_fetcher_8h.xml; sourceTree = "<group>"; };
		C7679729141CF7810097A5C2 /* _flickr_asynchronous_fetcher_8m.xml */ = {isa = PBXFileReference; fileEncoding = 4; lastKnownFileType = text.xml; path = _flickr_asynchronous_fetcher_8m.xml; sourceTree = "<group>"; };
		C767972A141CF7810097A5C2 /* _flickr_authorization_controller_8h.xml */ = {isa = PBXFileReference; fileEncoding = 4; lastKnownFileType = text.xml; path = _flickr_authorization_controller_8h.xml; sourceTree = "<group>"; };
		C767972B141CF7810097A5C2 /* _flickr_authorization_controller_8m.xml */ = {isa = PBXFileReference; fileEncoding = 4; lastKnownFileType = text.xml; path = _flickr_authorization_controller_8m.xml; sourceTree = "<group>"; };
		C767972C141CF7810097A5C2 /* _flickr_authorization_sheet_controller_8h.xml */ = {isa = PBXFileReference; fileEncoding = 4; lastKnownFileType = text.xml; path = _flickr_authorization_sheet_controller_8h.xml; sourceTree = "<group>"; };
		C767972D141CF7810097A5C2 /* _flickr_authorization_sheet_controller_8m.xml */ = {isa = PBXFileReference; fileEncoding = 4; lastKnownFileType = text.xml; path = _flickr_authorization_sheet_controller_8m.xml; sourceTree = "<group>"; };
		C767972E141CF7810097A5C2 /* _flickr_comment_8h.xml */ = {isa = PBXFileReference; fileEncoding = 4; lastKnownFileType = text.xml; path = _flickr_comment_8h.xml; sourceTree = "<group>"; };
		C767972F141CF7810097A5C2 /* _flickr_comment_8m.xml */ = {isa = PBXFileReference; fileEncoding = 4; lastKnownFileType = text.xml; path = _flickr_comment_8m.xml; sourceTree = "<group>"; };
		C7679730141CF7810097A5C2 /* _flickr_e_x_i_f_tag_8h.xml */ = {isa = PBXFileReference; fileEncoding = 4; lastKnownFileType = text.xml; path = _flickr_e_x_i_f_tag_8h.xml; sourceTree = "<group>"; };
		C7679731141CF7810097A5C2 /* _flickr_e_x_i_f_tag_8m.xml */ = {isa = PBXFileReference; fileEncoding = 4; lastKnownFileType = text.xml; path = _flickr_e_x_i_f_tag_8m.xml; sourceTree = "<group>"; };
		C7679732141CF7810097A5C2 /* _flickr_kit_8h.xml */ = {isa = PBXFileReference; fileEncoding = 4; lastKnownFileType = text.xml; path = _flickr_kit_8h.xml; sourceTree = "<group>"; };
		C7679733141CF7810097A5C2 /* _flickr_kit_constants_8h.xml */ = {isa = PBXFileReference; fileEncoding = 4; lastKnownFileType = text.xml; path = _flickr_kit_constants_8h.xml; sourceTree = "<group>"; };
		C7679734141CF7810097A5C2 /* _flickr_kit_helpers_8m.xml */ = {isa = PBXFileReference; fileEncoding = 4; lastKnownFileType = text.xml; path = _flickr_kit_helpers_8m.xml; sourceTree = "<group>"; };
		C7679735141CF7810097A5C2 /* _flickr_license_8h.xml */ = {isa = PBXFileReference; fileEncoding = 4; lastKnownFileType = text.xml; path = _flickr_license_8h.xml; sourceTree = "<group>"; };
		C7679736141CF7810097A5C2 /* _flickr_license_8m.xml */ = {isa = PBXFileReference; fileEncoding = 4; lastKnownFileType = text.xml; path = _flickr_license_8m.xml; sourceTree = "<group>"; };
		C7679737141CF7810097A5C2 /* _flickr_person_8h.xml */ = {isa = PBXFileReference; fileEncoding = 4; lastKnownFileType = text.xml; path = _flickr_person_8h.xml; sourceTree = "<group>"; };
		C7679738141CF7810097A5C2 /* _flickr_person_8m.xml */ = {isa = PBXFileReference; fileEncoding = 4; lastKnownFileType = text.xml; path = _flickr_person_8m.xml; sourceTree = "<group>"; };
		C7679739141CF7810097A5C2 /* _flickr_person_manager_8h.xml */ = {isa = PBXFileReference; fileEncoding = 4; lastKnownFileType = text.xml; path = _flickr_person_manager_8h.xml; sourceTree = "<group>"; };
		C767973A141CF7810097A5C2 /* _flickr_person_manager_8m.xml */ = {isa = PBXFileReference; fileEncoding = 4; lastKnownFileType = text.xml; path = _flickr_person_manager_8m.xml; sourceTree = "<group>"; };
		C767973B141CF7810097A5C2 /* _flickr_photo_8h.xml */ = {isa = PBXFileReference; fileEncoding = 4; lastKnownFileType = text.xml; path = _flickr_photo_8h.xml; sourceTree = "<group>"; };
		C767973C141CF7810097A5C2 /* _flickr_photo_8m.xml */ = {isa = PBXFileReference; fileEncoding = 4; lastKnownFileType = text.xml; path = _flickr_photo_8m.xml; sourceTree = "<group>"; };
		C767973D141CF7810097A5C2 /* _flickr_photoset_8h.xml */ = {isa = PBXFileReference; fileEncoding = 4; lastKnownFileType = text.xml; path = _flickr_photoset_8h.xml; sourceTree = "<group>"; };
		C767973E141CF7810097A5C2 /* _flickr_photoset_8m.xml */ = {isa = PBXFileReference; fileEncoding = 4; lastKnownFileType = text.xml; path = _flickr_photoset_8m.xml; sourceTree = "<group>"; };
		C767973F141CF7810097A5C2 /* _flickr_tag_8h.xml */ = {isa = PBXFileReference; fileEncoding = 4; lastKnownFileType = text.xml; path = _flickr_tag_8h.xml; sourceTree = "<group>"; };
		C7679740141CF7810097A5C2 /* _flickr_tag_8m.xml */ = {isa = PBXFileReference; fileEncoding = 4; lastKnownFileType = text.xml; path = _flickr_tag_8m.xml; sourceTree = "<group>"; };
		C7679741141CF7810097A5C2 /* _flickr_token_8h.xml */ = {isa = PBXFileReference; fileEncoding = 4; lastKnownFileType = text.xml; path = _flickr_token_8h.xml; sourceTree = "<group>"; };
		C7679742141CF7810097A5C2 /* _flickr_token_8m.xml */ = {isa = PBXFileReference; fileEncoding = 4; lastKnownFileType = text.xml; path = _flickr_token_8m.xml; sourceTree = "<group>"; };
		C7679743141CF7810097A5C2 /* _n_s_color_09_c_g_color_8h.xml */ = {isa = PBXFileReference; fileEncoding = 4; lastKnownFileType = text.xml; path = _n_s_color_09_c_g_color_8h.xml; sourceTree = "<group>"; };
		C7679744141CF7810097A5C2 /* _n_s_color_09_c_g_color_8m.xml */ = {isa = PBXFileReference; fileEncoding = 4; lastKnownFileType = text.xml; path = _n_s_color_09_c_g_color_8m.xml; sourceTree = "<group>"; };
		C7679745141CF7810097A5C2 /* _n_s_string_09_m_d5_hash_8h.xml */ = {isa = PBXFileReference; fileEncoding = 4; lastKnownFileType = text.xml; path = _n_s_string_09_m_d5_hash_8h.xml; sourceTree = "<group>"; };
		C7679746141CF7810097A5C2 /* _n_s_string_09_m_d5_hash_8m.xml */ = {isa = PBXFileReference; fileEncoding = 4; lastKnownFileType = text.xml; path = _n_s_string_09_m_d5_hash_8m.xml; sourceTree = "<group>"; };
		C7679747141CF7810097A5C2 /* class_n_s_string.xml */ = {isa = PBXFileReference; fileEncoding = 4; lastKnownFileType = text.xml; path = class_n_s_string.xml; sourceTree = "<group>"; };
		C7679748141CF7810097A5C2 /* combine.xslt */ = {isa = PBXFileReference; fileEncoding = 4; lastKnownFileType = text.xml; path = combine.xslt; sourceTree = "<group>"; };
		C7679749141CF7810097A5C2 /* compound.xsd */ = {isa = PBXFileReference; fileEncoding = 4; lastKnownFileType = text.xml; path = compound.xsd; sourceTree = "<group>"; };
		C767974A141CF7810097A5C2 /* dir_88c961e27ea574c115ec55c306fdb1d8.xml */ = {isa = PBXFileReference; fileEncoding = 4; lastKnownFileType = text.xml; path = dir_88c961e27ea574c115ec55c306fdb1d8.xml; sourceTree = "<group>"; };
		C767974B141CF7810097A5C2 /* index.xml */ = {isa = PBXFileReference; fileEncoding = 4; lastKnownFileType = text.xml; path = index.xml; sourceTree = "<group>"; };
		C767974C141CF7810097A5C2 /* index.xsd */ = {isa = PBXFileReference; fileEncoding = 4; lastKnownFileType = text.xml; path = index.xsd; sourceTree = "<group>"; };
		C767974D141CF7810097A5C2 /* interface_flickr_a_p_i_response.xml */ = {isa = PBXFileReference; fileEncoding = 4; lastKnownFileType = text.xml; path = interface_flickr_a_p_i_response.xml; sourceTree = "<group>"; };
		C767974E141CF7810097A5C2 /* interface_flickr_asynchronous_fetcher.xml */ = {isa = PBXFileReference; fileEncoding = 4; lastKnownFileType = text.xml; path = interface_flickr_asynchronous_fetcher.xml; sourceTree = "<group>"; };
		C767974F141CF7810097A5C2 /* interface_flickr_authorization_controller.xml */ = {isa = PBXFileReference; fileEncoding = 4; lastKnownFileType = text.xml; path = interface_flickr_authorization_controller.xml; sourceTree = "<group>"; };
		C7679750141CF7810097A5C2 /* interface_flickr_authorization_controller_07_private_08.xml */ = {isa = PBXFileReference; fileEncoding = 4; lastKnownFileType = text.xml; path = interface_flickr_authorization_controller_07_private_08.xml; sourceTree = "<group>"; };
		C7679751141CF7810097A5C2 /* interface_flickr_authorization_sheet_controller.xml */ = {isa = PBXFileReference; fileEncoding = 4; lastKnownFileType = text.xml; path = interface_flickr_authorization_sheet_controller.xml; sourceTree = "<group>"; };
		C7679752141CF7810097A5C2 /* interface_flickr_comment.xml */ = {isa = PBXFileReference; fileEncoding = 4; lastKnownFileType = text.xml; path = interface_flickr_comment.xml; sourceTree = "<group>"; };
		C7679753141CF7810097A5C2 /* interface_flickr_e_x_i_f_tag.xml */ = {isa = PBXFileReference; fileEncoding = 4; lastKnownFileType = text.xml; path = interface_flickr_e_x_i_f_tag.xml; sourceTree = "<group>"; };
		C7679754141CF7810097A5C2 /* interface_flickr_license.xml */ = {isa = PBXFileReference; fileEncoding = 4; lastKnownFileType = text.xml; path = interface_flickr_license.xml; sourceTree = "<group>"; };
		C7679755141CF7810097A5C2 /* interface_flickr_person.xml */ = {isa = PBXFileReference; fileEncoding = 4; lastKnownFileType = text.xml; path = interface_flickr_person.xml; sourceTree = "<group>"; };
		C7679756141CF7810097A5C2 /* interface_flickr_person_manager.xml */ = {isa = PBXFileReference; fileEncoding = 4; lastKnownFileType = text.xml; path = interface_flickr_person_manager.xml; sourceTree = "<group>"; };
		C7679757141CF7810097A5C2 /* interface_flickr_person_manager_07_private_08.xml */ = {isa = PBXFileReference; fileEncoding = 4; lastKnownFileType = text.xml; path = interface_flickr_person_manager_07_private_08.xml; sourceTree = "<group>"; };
		C7679758141CF7810097A5C2 /* interface_flickr_photo.xml */ = {isa = PBXFileReference; fileEncoding = 4; lastKnownFileType = text.xml; path = interface_flickr_photo.xml; sourceTree = "<group>"; };
		C7679759141CF7810097A5C2 /* interface_flickr_photo_07_private_08.xml */ = {isa = PBXFileReference; fileEncoding = 4; lastKnownFileType = text.xml; path = interface_flickr_photo_07_private_08.xml; sourceTree = "<group>"; };
		C767975A141CF7810097A5C2 /* interface_flickr_photoset.xml */ = {isa = PBXFileReference; fileEncoding = 4; lastKnownFileType = text.xml; path = interface_flickr_photoset.xml; sourceTree = "<group>"; };
		C767975B141CF7810097A5C2 /* interface_flickr_photoset_07_private_08.xml */ = {isa = PBXFileReference; fileEncoding = 4; lastKnownFileType = text.xml; path = interface_flickr_photoset_07_private_08.xml; sourceTree = "<group>"; };
		C767975C141CF7810097A5C2 /* interface_flickr_tag.xml */ = {isa = PBXFileReference; fileEncoding = 4; lastKnownFileType = text.xml; path = interface_flickr_tag.xml; sourceTree = "<group>"; };
		C767975D141CF7810097A5C2 /* interface_flickr_token.xml */ = {isa = PBXFileReference; fileEncoding = 4; lastKnownFileType = text.xml; path = interface_flickr_token.xml; sourceTree = "<group>"; };
		C767975E141CF7810097A5C2 /* interface_n_s_color_07_c_g_color_08.xml */ = {isa = PBXFileReference; fileEncoding = 4; lastKnownFileType = text.xml; path = interface_n_s_color_07_c_g_color_08.xml; sourceTree = "<group>"; };
		C767975F141CF7810097A5C2 /* interface_n_s_string_07_m_d5_hash_08.xml */ = {isa = PBXFileReference; fileEncoding = 4; lastKnownFileType = text.xml; path = interface_n_s_string_07_m_d5_hash_08.xml; sourceTree = "<group>"; };
		C769252F132FEC6D005F6AC3 /* FlickrKit.framework */ = {isa = PBXFileReference; explicitFileType = wrapper.framework; includeInIndex = 0; path = FlickrKit.framework; sourceTree = BUILT_PRODUCTS_DIR; };
		C7692532132FEC6D005F6AC3 /* Cocoa.framework */ = {isa = PBXFileReference; lastKnownFileType = wrapper.framework; name = Cocoa.framework; path = System/Library/Frameworks/Cocoa.framework; sourceTree = SDKROOT; };
		C7692537132FEC6D005F6AC3 /* Foundation.framework */ = {isa = PBXFileReference; lastKnownFileType = wrapper.framework; name = Foundation.framework; path = System/Library/Frameworks/Foundation.framework; sourceTree = SDKROOT; };
		C769253A132FEC6D005F6AC3 /* FlickrKit-Info.plist */ = {isa = PBXFileReference; lastKnownFileType = text.plist.xml; name = "FlickrKit-Info.plist"; path = "../FlickrKit-Info.plist"; sourceTree = "<group>"; };
		C769253C132FEC6D005F6AC3 /* en */ = {isa = PBXFileReference; lastKnownFileType = text.plist.strings; name = en; path = en.lproj/InfoPlist.strings; sourceTree = "<group>"; };
		C769253E132FEC6D005F6AC3 /* FlickrKit-Prefix.pch */ = {isa = PBXFileReference; lastKnownFileType = sourcecode.c.h; path = "FlickrKit-Prefix.pch"; sourceTree = "<group>"; };
		C7692545132FEDA9005F6AC3 /* FlickrAPIResponse.m */ = {isa = PBXFileReference; fileEncoding = 4; lastKnownFileType = sourcecode.c.objc; path = FlickrAPIResponse.m; sourceTree = "<group>"; };
		C7692546132FEDA9005F6AC3 /* FlickrPhoto.h */ = {isa = PBXFileReference; fileEncoding = 4; lastKnownFileType = sourcecode.c.h; path = FlickrPhoto.h; sourceTree = "<group>"; };
		C7692547132FEDA9005F6AC3 /* FlickrPhoto.m */ = {isa = PBXFileReference; fileEncoding = 4; lastKnownFileType = sourcecode.c.objc; path = FlickrPhoto.m; sourceTree = "<group>"; };
		C7692556132FEEFB005F6AC3 /* FlickrKit.h */ = {isa = PBXFileReference; fileEncoding = 4; lastKnownFileType = sourcecode.c.h; path = FlickrKit.h; sourceTree = "<group>"; };
		C77A6607133F62950026C24B /* FlickrComment.h */ = {isa = PBXFileReference; fileEncoding = 4; lastKnownFileType = sourcecode.c.h; path = FlickrComment.h; sourceTree = "<group>"; };
		C77A6608133F62950026C24B /* FlickrComment.m */ = {isa = PBXFileReference; fileEncoding = 4; lastKnownFileType = sourcecode.c.objc; path = FlickrComment.m; sourceTree = "<group>"; };
		C77F24AA15A9D86D00A914DD /* FlickrAPIRequest.h */ = {isa = PBXFileReference; fileEncoding = 4; lastKnownFileType = sourcecode.c.h; path = FlickrAPIRequest.h; sourceTree = "<group>"; };
		C77F24AB15A9D86D00A914DD /* FlickrAPIRequest.m */ = {isa = PBXFileReference; fileEncoding = 4; lastKnownFileType = sourcecode.c.objc; path = FlickrAPIRequest.m; sourceTree = "<group>"; };
		C77F24B215A9E52800A914DD /* FlickrAPIRequestDelegate.h */ = {isa = PBXFileReference; lastKnownFileType = sourcecode.c.h; path = FlickrAPIRequestDelegate.h; sourceTree = "<group>"; };
		C78C0792137EC13B0048209E /* FlickrAuthorizationController.h */ = {isa = PBXFileReference; fileEncoding = 4; lastKnownFileType = sourcecode.c.h; path = FlickrAuthorizationController.h; sourceTree = "<group>"; };
		C78C0793137EC13C0048209E /* FlickrAuthorizationController.m */ = {isa = PBXFileReference; fileEncoding = 4; lastKnownFileType = sourcecode.c.objc; path = FlickrAuthorizationController.m; sourceTree = "<group>"; };
		C78C0796137EC35A0048209E /* WebKit.framework */ = {isa = PBXFileReference; lastKnownFileType = wrapper.framework; name = WebKit.framework; path = System/Library/Frameworks/WebKit.framework; sourceTree = SDKROOT; };
		C78EA6F4136441140037BD27 /* en */ = {isa = PBXFileReference; lastKnownFileType = text.plist.strings; name = en; path = en.lproj/FlickrImageSize.strings; sourceTree = "<group>"; };
		C78EA6F61364411C0037BD27 /* de */ = {isa = PBXFileReference; lastKnownFileType = text.plist.strings; name = de; path = de.lproj/FlickrImageSize.strings; sourceTree = "<group>"; };
		C7990945133262570000B732 /* by.large.png */ = {isa = PBXFileReference; lastKnownFileType = image.png; path = by.large.png; sourceTree = "<group>"; };
		C7990946133262570000B732 /* cc.large.png */ = {isa = PBXFileReference; lastKnownFileType = image.png; path = cc.large.png; sourceTree = "<group>"; };
		C7990947133262570000B732 /* nc.large.png */ = {isa = PBXFileReference; lastKnownFileType = image.png; path = nc.large.png; sourceTree = "<group>"; };
		C7990948133262570000B732 /* nd.large.png */ = {isa = PBXFileReference; lastKnownFileType = image.png; path = nd.large.png; sourceTree = "<group>"; };
		C7990949133262570000B732 /* sa.large.png */ = {isa = PBXFileReference; lastKnownFileType = image.png; path = sa.large.png; sourceTree = "<group>"; };
		C7A07AD714CED1E100CF6C5F /* FlickrAuthorizationContext.h */ = {isa = PBXFileReference; fileEncoding = 4; lastKnownFileType = sourcecode.c.h; path = FlickrAuthorizationContext.h; sourceTree = "<group>"; };
		C7A07AD814CED1E100CF6C5F /* FlickrAuthorizationContext.m */ = {isa = PBXFileReference; fileEncoding = 4; lastKnownFileType = sourcecode.c.objc; path = FlickrAuthorizationContext.m; sourceTree = "<group>"; };
		C7AE251B1363650400C3D48D /* FlickrKitHelpers.m */ = {isa = PBXFileReference; fileEncoding = 4; lastKnownFileType = sourcecode.c.objc; path = FlickrKitHelpers.m; sourceTree = "<group>"; };
		C7C3AF55132FFC6900F8C083 /* FlickrTag.h */ = {isa = PBXFileReference; fileEncoding = 4; lastKnownFileType = sourcecode.c.h; path = FlickrTag.h; sourceTree = "<group>"; };
		C7C3AF56132FFC6900F8C083 /* FlickrTag.m */ = {isa = PBXFileReference; fileEncoding = 4; lastKnownFileType = sourcecode.c.objc; path = FlickrTag.m; sourceTree = "<group>"; };
		C7D25BF3135DE373003FF694 /* FlickrEXIFTag.h */ = {isa = PBXFileReference; fileEncoding = 4; lastKnownFileType = sourcecode.c.h; path = FlickrEXIFTag.h; sourceTree = "<group>"; };
		C7D25BF4135DE373003FF694 /* FlickrEXIFTag.m */ = {isa = PBXFileReference; fileEncoding = 4; lastKnownFileType = sourcecode.c.objc; path = FlickrEXIFTag.m; sourceTree = "<group>"; };
		C7D25BF8135DE887003FF694 /* FlickrAsynchronousFetcher.h */ = {isa = PBXFileReference; fileEncoding = 4; lastKnownFileType = sourcecode.c.h; path = FlickrAsynchronousFetcher.h; sourceTree = "<group>"; };
		C7D25BF9135DE887003FF694 /* FlickrAsynchronousFetcher.m */ = {isa = PBXFileReference; fileEncoding = 4; lastKnownFileType = sourcecode.c.objc; path = FlickrAsynchronousFetcher.m; sourceTree = "<group>"; };
		C7DF0BC2133B62D6001BE05B /* FlickrKitConstants.h */ = {isa = PBXFileReference; fileEncoding = 4; lastKnownFileType = sourcecode.c.h; path = FlickrKitConstants.h; sourceTree = "<group>"; };
		C7E7A0891365AF7D00BA33AD /* NSString+MD5Hash.h */ = {isa = PBXFileReference; fileEncoding = 4; lastKnownFileType = sourcecode.c.h; path = "NSString+MD5Hash.h"; sourceTree = "<group>"; };
		C7E7A08A1365AF7D00BA33AD /* NSString+MD5Hash.m */ = {isa = PBXFileReference; fileEncoding = 4; lastKnownFileType = sourcecode.c.objc; path = "NSString+MD5Hash.m"; sourceTree = "<group>"; };
		C7E99E5D133142DD0027226A /* FlickrPerson.h */ = {isa = PBXFileReference; fileEncoding = 4; lastKnownFileType = sourcecode.c.h; path = FlickrPerson.h; sourceTree = "<group>"; };
		C7E99E5E133142DD0027226A /* FlickrPerson.m */ = {isa = PBXFileReference; fileEncoding = 4; lastKnownFileType = sourcecode.c.objc; path = FlickrPerson.m; sourceTree = "<group>"; };
		C7E99E621331457E0027226A /* FlickrPersonManager.h */ = {isa = PBXFileReference; fileEncoding = 4; lastKnownFileType = sourcecode.c.h; path = FlickrPersonManager.h; sourceTree = "<group>"; };
		C7E99E631331457E0027226A /* FlickrPersonManager.m */ = {isa = PBXFileReference; fileEncoding = 4; lastKnownFileType = sourcecode.c.objc; path = FlickrPersonManager.m; sourceTree = "<group>"; };
/* End PBXFileReference section */

/* Begin PBXFrameworksBuildPhase section */
		C769252B132FEC6D005F6AC3 /* Frameworks */ = {
			isa = PBXFrameworksBuildPhase;
			buildActionMask = 2147483647;
			files = (
				C73977B9140929D6005C8562 /* OAuthKit.framework in Frameworks */,
				C78C0798137EC37A0048209E /* WebKit.framework in Frameworks */,
				C7692533132FEC6D005F6AC3 /* Cocoa.framework in Frameworks */,
			);
			runOnlyForDeploymentPostprocessing = 0;
		};
/* End PBXFrameworksBuildPhase section */

/* Begin PBXGroup section */
		BB61E743141CF4E900839347 /* Documentation */ = {
			isa = PBXGroup;
			children = (
				C72E545C141CF845007280F3 /* latex */,
				C7679716141CF7810097A5C2 /* apple */,
				C7679725141CF7810097A5C2 /* xml */,
				BB61E744141CF4E900839347 /* doxyclean */,
			);
			path = Documentation;
			sourceTree = "<group>";
		};
		BB61E744141CF4E900839347 /* doxyclean */ = {
			isa = PBXGroup;
			children = (
				BB61E745141CF4E900839347 /* css */,
				BB61E749141CF4E900839347 /* doxyclean.py */,
				BB61E74A141CF4E900839347 /* index2html.xslt */,
				BB61E74B141CF4E900839347 /* object.xslt */,
				BB61E74C141CF4E900839347 /* object2html.xslt */,
			);
			path = doxyclean;
			sourceTree = "<group>";
		};
		BB61E745141CF4E900839347 /* css */ = {
			isa = PBXGroup;
			children = (
				BB61E746141CF4E900839347 /* common.css */,
				BB61E747141CF4E900839347 /* print.css */,
				BB61E748141CF4E900839347 /* screen.css */,
			);
			path = css;
			sourceTree = "<group>";
		};
		C72E545C141CF845007280F3 /* latex */ = {
			isa = PBXGroup;
			children = (
				C72E545D141CF845007280F3 /* annotated.tex */,
				C72E545E141CF845007280F3 /* class_n_s_string.tex */,
				C72E545F141CF845007280F3 /* doxygen.sty */,
				C72E5460141CF845007280F3 /* interface_flickr_a_p_i_response.tex */,
				C72E5461141CF845007280F3 /* interface_flickr_asynchronous_fetcher.tex */,
				C72E5462141CF845007280F3 /* interface_flickr_authorization_controller.tex */,
				C72E5463141CF845007280F3 /* interface_flickr_authorization_controller_07_private_08.tex */,
				C72E5464141CF845007280F3 /* interface_flickr_authorization_sheet_controller.tex */,
				C72E5465141CF845007280F3 /* interface_flickr_comment.tex */,
				C72E5466141CF845007280F3 /* interface_flickr_e_x_i_f_tag.tex */,
				C72E5467141CF845007280F3 /* interface_flickr_license.tex */,
				C72E5468141CF845007280F3 /* interface_flickr_person.tex */,
				C72E5469141CF845007280F3 /* interface_flickr_person_manager.tex */,
				C72E546A141CF845007280F3 /* interface_flickr_person_manager_07_private_08.tex */,
				C72E546B141CF845007280F3 /* interface_flickr_photo.tex */,
				C72E546C141CF845007280F3 /* interface_flickr_photo_07_private_08.tex */,
				C72E546D141CF845007280F3 /* interface_flickr_photoset.tex */,
				C72E546E141CF845007280F3 /* interface_flickr_photoset_07_private_08.tex */,
				C72E546F141CF845007280F3 /* interface_flickr_tag.tex */,
				C72E5470141CF845007280F3 /* interface_flickr_token.tex */,
				C72E5471141CF845007280F3 /* interface_n_s_color_07_c_g_color_08.tex */,
				C72E5472141CF845007280F3 /* Makefile */,
				C72E5473141CF845007280F3 /* refman.tex */,
			);
			path = latex;
			sourceTree = "<group>";
		};
		C73977AE140929C6005C8562 /* Products */ = {
			isa = PBXGroup;
			children = (
				C73977B5140929C6005C8562 /* OAuthKit.framework */,
			);
			name = Products;
			sourceTree = "<group>";
		};
		C757798C13A142E100060713 /* UI */ = {
			isa = PBXGroup;
			children = (
				C757798D13A1434F00060713 /* FlickrAuthorizationSheetController.xib */,
			);
			path = UI;
			sourceTree = "<group>";
		};
		C7679716141CF7810097A5C2 /* apple */ = {
			isa = PBXGroup;
			children = (
				C7679717141CF7810097A5C2 /* html */,
				C7679720141CF7810097A5C2 /* xml */,
			);
			path = apple;
			sourceTree = "<group>";
		};
		C7679717141CF7810097A5C2 /* html */ = {
			isa = PBXGroup;
			children = (
				C7679718141CF7810097A5C2 /* Classes */,
				C767971B141CF7810097A5C2 /* css */,
				C767971F141CF7810097A5C2 /* index.html */,
			);
			path = html;
			sourceTree = "<group>";
		};
		C7679718141CF7810097A5C2 /* Classes */ = {
			isa = PBXGroup;
			children = (
				C7679719141CF7810097A5C2 /* FlickrPerson.html */,
				C767971A141CF7810097A5C2 /* FlickrPersonManager.html */,
			);
			path = Classes;
			sourceTree = "<group>";
		};
		C767971B141CF7810097A5C2 /* css */ = {
			isa = PBXGroup;
			children = (
				C767971C141CF7810097A5C2 /* common.css */,
				C767971D141CF7810097A5C2 /* print.css */,
				C767971E141CF7810097A5C2 /* screen.css */,
			);
			path = css;
			sourceTree = "<group>";
		};
		C7679720141CF7810097A5C2 /* xml */ = {
			isa = PBXGroup;
			children = (
				C7679721141CF7810097A5C2 /* Classes */,
				C7679724141CF7810097A5C2 /* index.xml */,
			);
			path = xml;
			sourceTree = "<group>";
		};
		C7679721141CF7810097A5C2 /* Classes */ = {
			isa = PBXGroup;
			children = (
				C7679722141CF7810097A5C2 /* FlickrPerson.xml */,
				C7679723141CF7810097A5C2 /* FlickrPersonManager.xml */,
			);
			path = Classes;
			sourceTree = "<group>";
		};
		C7679725141CF7810097A5C2 /* xml */ = {
			isa = PBXGroup;
			children = (
				C7679726141CF7810097A5C2 /* _flickr_a_p_i_response_8h.xml */,
				C7679727141CF7810097A5C2 /* _flickr_a_p_i_response_8m.xml */,
				C7679728141CF7810097A5C2 /* _flickr_asynchronous_fetcher_8h.xml */,
				C7679729141CF7810097A5C2 /* _flickr_asynchronous_fetcher_8m.xml */,
				C767972A141CF7810097A5C2 /* _flickr_authorization_controller_8h.xml */,
				C767972B141CF7810097A5C2 /* _flickr_authorization_controller_8m.xml */,
				C767972C141CF7810097A5C2 /* _flickr_authorization_sheet_controller_8h.xml */,
				C767972D141CF7810097A5C2 /* _flickr_authorization_sheet_controller_8m.xml */,
				C767972E141CF7810097A5C2 /* _flickr_comment_8h.xml */,
				C767972F141CF7810097A5C2 /* _flickr_comment_8m.xml */,
				C7679730141CF7810097A5C2 /* _flickr_e_x_i_f_tag_8h.xml */,
				C7679731141CF7810097A5C2 /* _flickr_e_x_i_f_tag_8m.xml */,
				C7679732141CF7810097A5C2 /* _flickr_kit_8h.xml */,
				C7679733141CF7810097A5C2 /* _flickr_kit_constants_8h.xml */,
				C7679734141CF7810097A5C2 /* _flickr_kit_helpers_8m.xml */,
				C7679735141CF7810097A5C2 /* _flickr_license_8h.xml */,
				C7679736141CF7810097A5C2 /* _flickr_license_8m.xml */,
				C7679737141CF7810097A5C2 /* _flickr_person_8h.xml */,
				C7679738141CF7810097A5C2 /* _flickr_person_8m.xml */,
				C7679739141CF7810097A5C2 /* _flickr_person_manager_8h.xml */,
				C767973A141CF7810097A5C2 /* _flickr_person_manager_8m.xml */,
				C767973B141CF7810097A5C2 /* _flickr_photo_8h.xml */,
				C767973C141CF7810097A5C2 /* _flickr_photo_8m.xml */,
				C767973D141CF7810097A5C2 /* _flickr_photoset_8h.xml */,
				C767973E141CF7810097A5C2 /* _flickr_photoset_8m.xml */,
				C767973F141CF7810097A5C2 /* _flickr_tag_8h.xml */,
				C7679740141CF7810097A5C2 /* _flickr_tag_8m.xml */,
				C7679741141CF7810097A5C2 /* _flickr_token_8h.xml */,
				C7679742141CF7810097A5C2 /* _flickr_token_8m.xml */,
				C7679743141CF7810097A5C2 /* _n_s_color_09_c_g_color_8h.xml */,
				C7679744141CF7810097A5C2 /* _n_s_color_09_c_g_color_8m.xml */,
				C7679745141CF7810097A5C2 /* _n_s_string_09_m_d5_hash_8h.xml */,
				C7679746141CF7810097A5C2 /* _n_s_string_09_m_d5_hash_8m.xml */,
				C7679747141CF7810097A5C2 /* class_n_s_string.xml */,
				C7679748141CF7810097A5C2 /* combine.xslt */,
				C7679749141CF7810097A5C2 /* compound.xsd */,
				C767974A141CF7810097A5C2 /* dir_88c961e27ea574c115ec55c306fdb1d8.xml */,
				C767974B141CF7810097A5C2 /* index.xml */,
				C767974C141CF7810097A5C2 /* index.xsd */,
				C767974D141CF7810097A5C2 /* interface_flickr_a_p_i_response.xml */,
				C767974E141CF7810097A5C2 /* interface_flickr_asynchronous_fetcher.xml */,
				C767974F141CF7810097A5C2 /* interface_flickr_authorization_controller.xml */,
				C7679750141CF7810097A5C2 /* interface_flickr_authorization_controller_07_private_08.xml */,
				C7679751141CF7810097A5C2 /* interface_flickr_authorization_sheet_controller.xml */,
				C7679752141CF7810097A5C2 /* interface_flickr_comment.xml */,
				C7679753141CF7810097A5C2 /* interface_flickr_e_x_i_f_tag.xml */,
				C7679754141CF7810097A5C2 /* interface_flickr_license.xml */,
				C7679755141CF7810097A5C2 /* interface_flickr_person.xml */,
				C7679756141CF7810097A5C2 /* interface_flickr_person_manager.xml */,
				C7679757141CF7810097A5C2 /* interface_flickr_person_manager_07_private_08.xml */,
				C7679758141CF7810097A5C2 /* interface_flickr_photo.xml */,
				C7679759141CF7810097A5C2 /* interface_flickr_photo_07_private_08.xml */,
				C767975A141CF7810097A5C2 /* interface_flickr_photoset.xml */,
				C767975B141CF7810097A5C2 /* interface_flickr_photoset_07_private_08.xml */,
				C767975C141CF7810097A5C2 /* interface_flickr_tag.xml */,
				C767975D141CF7810097A5C2 /* interface_flickr_token.xml */,
				C767975E141CF7810097A5C2 /* interface_n_s_color_07_c_g_color_08.xml */,
				C767975F141CF7810097A5C2 /* interface_n_s_string_07_m_d5_hash_08.xml */,
			);
			path = xml;
			sourceTree = "<group>";
		};
		C7692523132FEC6D005F6AC3 = {
			isa = PBXGroup;
			children = (
				C73977AD140929C6005C8562 /* OAuthKit.xcodeproj */,
				BB61E743141CF4E900839347 /* Documentation */,
				C7990943133260890000B732 /* Resources */,
				C7692538132FEC6D005F6AC3 /* Source */,
				C7692531132FEC6D005F6AC3 /* Frameworks */,
				C7692530132FEC6D005F6AC3 /* Products */,
			);
			sourceTree = "<group>";
		};
		C7692530132FEC6D005F6AC3 /* Products */ = {
			isa = PBXGroup;
			children = (
				C769252F132FEC6D005F6AC3 /* FlickrKit.framework */,
			);
			name = Products;
			sourceTree = "<group>";
		};
		C7692531132FEC6D005F6AC3 /* Frameworks */ = {
			isa = PBXGroup;
			children = (
				C78C0796137EC35A0048209E /* WebKit.framework */,
				C7692537132FEC6D005F6AC3 /* Foundation.framework */,
				C7692532132FEC6D005F6AC3 /* Cocoa.framework */,
			);
			name = Frameworks;
			sourceTree = "<group>";
		};
		C7692538132FEC6D005F6AC3 /* Source */ = {
			isa = PBXGroup;
			children = (
				C7692556132FEEFB005F6AC3 /* FlickrKit.h */,
				C7DF0BC2133B62D6001BE05B /* FlickrKitConstants.h */,
				C7AE251B1363650400C3D48D /* FlickrKitHelpers.m */,
				C7D25BF8135DE887003FF694 /* FlickrAsynchronousFetcher.h */,
				C7D25BF9135DE887003FF694 /* FlickrAsynchronousFetcher.m */,
				C7A07AD714CED1E100CF6C5F /* FlickrAuthorizationContext.h */,
				C7A07AD814CED1E100CF6C5F /* FlickrAuthorizationContext.m */,
				C78C0792137EC13B0048209E /* FlickrAuthorizationController.h */,
				C78C0793137EC13C0048209E /* FlickrAuthorizationController.m */,
				C757798813A1422E00060713 /* FlickrAuthorizationSheetController.h */,
				C757798913A1422E00060713 /* FlickrAuthorizationSheetController.m */,
				C75A8B991333F32C00716282 /* FlickrAPIResponse.h */,
				C7692545132FEDA9005F6AC3 /* FlickrAPIResponse.m */,
				C77F24AA15A9D86D00A914DD /* FlickrAPIRequest.h */,
				C77F24AB15A9D86D00A914DD /* FlickrAPIRequest.m */,
				C77F24B215A9E52800A914DD /* FlickrAPIRequestDelegate.h */,
				C77A6607133F62950026C24B /* FlickrComment.h */,
				C77A6608133F62950026C24B /* FlickrComment.m */,
				C7D25BF3135DE373003FF694 /* FlickrEXIFTag.h */,
				C7D25BF4135DE373003FF694 /* FlickrEXIFTag.m */,
				C7278A021333F0B3008C4321 /* FlickrLicense.h */,
				C7278A031333F0B3008C4321 /* FlickrLicense.m */,
				C7692546132FEDA9005F6AC3 /* FlickrPhoto.h */,
				C7692547132FEDA9005F6AC3 /* FlickrPhoto.m */,
				C763877F136376D100362B2F /* FlickrPhotoset.h */,
				C7638780136376D100362B2F /* FlickrPhotoset.m */,
				C7C3AF55132FFC6900F8C083 /* FlickrTag.h */,
				C7C3AF56132FFC6900F8C083 /* FlickrTag.m */,
				BB1647C413A281C700E64DEF /* FlickrToken.h */,
				BB1647C513A281C700E64DEF /* FlickrToken.m */,
				C7E99E5D133142DD0027226A /* FlickrPerson.h */,
				C7E99E5E133142DD0027226A /* FlickrPerson.m */,
				C7E99E621331457E0027226A /* FlickrPersonManager.h */,
				C7E99E631331457E0027226A /* FlickrPersonManager.m */,
				C7E7A0891365AF7D00BA33AD /* NSString+MD5Hash.h */,
				C7E7A08A1365AF7D00BA33AD /* NSString+MD5Hash.m */,
				C7692539132FEC6D005F6AC3 /* Supporting Files */,
				C73977C814092BEF005C8562 /* NSColor+CGColor.h */,
				C73977C914092BEF005C8562 /* NSColor+CGColor.m */,
			);
			path = Source;
			sourceTree = "<group>";
		};
		C7692539132FEC6D005F6AC3 /* Supporting Files */ = {
			isa = PBXGroup;
			children = (
				C769253A132FEC6D005F6AC3 /* FlickrKit-Info.plist */,
				C769253B132FEC6D005F6AC3 /* InfoPlist.strings */,
				C769253E132FEC6D005F6AC3 /* FlickrKit-Prefix.pch */,
			);
			name = "Supporting Files";
			sourceTree = "<group>";
		};
		C78EA6F013643FBC0037BD27 /* Localization */ = {
			isa = PBXGroup;
			children = (
				C78EA6F5136441140037BD27 /* FlickrImageSize.strings */,
			);
			path = Localization;
			sourceTree = "<group>";
		};
		C7990943133260890000B732 /* Resources */ = {
			isa = PBXGroup;
			children = (
				C757798C13A142E100060713 /* UI */,
				C78EA6F013643FBC0037BD27 /* Localization */,
				C7990944133260900000B732 /* Images */,
			);
			name = Resources;
			sourceTree = "<group>";
		};
		C7990944133260900000B732 /* Images */ = {
			isa = PBXGroup;
			children = (
				C72789FD1332894D008C4321 /* cr.large.png */,
				C7990945133262570000B732 /* by.large.png */,
				C7990946133262570000B732 /* cc.large.png */,
				C7990947133262570000B732 /* nc.large.png */,
				C7990948133262570000B732 /* nd.large.png */,
				C7990949133262570000B732 /* sa.large.png */,
			);
			name = Images;
			sourceTree = "<group>";
		};
/* End PBXGroup section */

/* Begin PBXHeadersBuildPhase section */
		C769252C132FEC6D005F6AC3 /* Headers */ = {
			isa = PBXHeadersBuildPhase;
			buildActionMask = 2147483647;
			files = (
				C7692557132FEEFB005F6AC3 /* FlickrKit.h in Headers */,
				C78C0794137EC13C0048209E /* FlickrAuthorizationController.h in Headers */,
				C757798A13A1422E00060713 /* FlickrAuthorizationSheetController.h in Headers */,
				C7A07AD914CED1E100CF6C5F /* FlickrAuthorizationContext.h in Headers */,
				C7DF0BC3133B62D6001BE05B /* FlickrKitConstants.h in Headers */,
				C75A8B9A1333F32C00716282 /* FlickrAPIResponse.h in Headers */,
				C77F24AC15A9D86D00A914DD /* FlickrAPIRequest.h in Headers */,
				C77F24B315A9F55C00A914DD /* FlickrAPIRequestDelegate.h in Headers */,
				C7278A041333F0B4008C4321 /* FlickrLicense.h in Headers */,
				C7E99E5F133142DE0027226A /* FlickrPerson.h in Headers */,
				C7E99E641331457E0027226A /* FlickrPersonManager.h in Headers */,
				C7638781136376D100362B2F /* FlickrPhotoset.h in Headers */,
				C769254A132FEDA9005F6AC3 /* FlickrPhoto.h in Headers */,
				C7C3AF57132FFC6900F8C083 /* FlickrTag.h in Headers */,
				C77A6609133F62950026C24B /* FlickrComment.h in Headers */,
				C7D25BF5135DE373003FF694 /* FlickrEXIFTag.h in Headers */,
				BB1647C613A281C700E64DEF /* FlickrToken.h in Headers */,
				C7D25BFA135DE887003FF694 /* FlickrAsynchronousFetcher.h in Headers */,
				C7E7A08B1365AF7D00BA33AD /* NSString+MD5Hash.h in Headers */,
				C73977CA14092BEF005C8562 /* NSColor+CGColor.h in Headers */,
			);
			runOnlyForDeploymentPostprocessing = 0;
		};
/* End PBXHeadersBuildPhase section */

/* Begin PBXNativeTarget section */
		C769252E132FEC6D005F6AC3 /* FlickrKit */ = {
			isa = PBXNativeTarget;
			buildConfigurationList = C7692541132FEC6D005F6AC3 /* Build configuration list for PBXNativeTarget "FlickrKit" */;
			buildPhases = (
				C769252A132FEC6D005F6AC3 /* Sources */,
				C769252B132FEC6D005F6AC3 /* Frameworks */,
				C769252C132FEC6D005F6AC3 /* Headers */,
				C769252D132FEC6D005F6AC3 /* Resources */,
				C73977BA140929E8005C8562 /* Copy Frameworks */,
				C7679715141CF6C90097A5C2 /* Build Documentation */,
			);
			buildRules = (
			);
			dependencies = (
				C73977B8140929CE005C8562 /* PBXTargetDependency */,
			);
			name = FlickrKit;
			productName = FMFlickrKit;
			productReference = C769252F132FEC6D005F6AC3 /* FlickrKit.framework */;
			productType = "com.apple.product-type.framework";
		};
/* End PBXNativeTarget section */

/* Begin PBXProject section */
		C7692525132FEC6D005F6AC3 /* Project object */ = {
			isa = PBXProject;
			attributes = {
				LastUpgradeCheck = 0450;
				ORGANIZATIONNAME = "Felix Morgner";
			};
			buildConfigurationList = C7692528132FEC6D005F6AC3 /* Build configuration list for PBXProject "FlickrKit" */;
			compatibilityVersion = "Xcode 3.2";
			developmentRegion = English;
			hasScannedForEncodings = 0;
			knownRegions = (
				en,
				de,
			);
			mainGroup = C7692523132FEC6D005F6AC3;
			productRefGroup = C7692530132FEC6D005F6AC3 /* Products */;
			projectDirPath = "";
			projectReferences = (
				{
					ProductGroup = C73977AE140929C6005C8562 /* Products */;
					ProjectRef = C73977AD140929C6005C8562 /* OAuthKit.xcodeproj */;
				},
			);
			projectRoot = "";
			targets = (
				C769252E132FEC6D005F6AC3 /* FlickrKit */,
			);
		};
/* End PBXProject section */

/* Begin PBXReferenceProxy section */
		C73977B5140929C6005C8562 /* OAuthKit.framework */ = {
			isa = PBXReferenceProxy;
			fileType = wrapper.framework;
			path = OAuthKit.framework;
			remoteRef = C73977B4140929C6005C8562 /* PBXContainerItemProxy */;
			sourceTree = BUILT_PRODUCTS_DIR;
		};
/* End PBXReferenceProxy section */

/* Begin PBXResourcesBuildPhase section */
		C769252D132FEC6D005F6AC3 /* Resources */ = {
			isa = PBXResourcesBuildPhase;
			buildActionMask = 2147483647;
			files = (
				C78EA6F7136443450037BD27 /* FlickrImageSize.strings in Resources */,
				C769253D132FEC6D005F6AC3 /* InfoPlist.strings in Resources */,
				C799094A133262570000B732 /* by.large.png in Resources */,
				C799094B133262570000B732 /* cc.large.png in Resources */,
				C799094C133262570000B732 /* nc.large.png in Resources */,
				C799094D133262570000B732 /* nd.large.png in Resources */,
				C799094E133262570000B732 /* sa.large.png in Resources */,
				C72789FF1332894D008C4321 /* cr.large.png in Resources */,
				C757798E13A1434F00060713 /* FlickrAuthorizationSheetController.xib in Resources */,
			);
			runOnlyForDeploymentPostprocessing = 0;
		};
/* End PBXResourcesBuildPhase section */

/* Begin PBXShellScriptBuildPhase section */
		C7679715141CF6C90097A5C2 /* Build Documentation */ = {
			isa = PBXShellScriptBuildPhase;
			buildActionMask = 2147483647;
			files = (
			);
			inputPaths = (
			);
			name = "Build Documentation";
			outputPaths = (
			);
			runOnlyForDeploymentPostprocessing = 0;
			shellPath = /bin/sh;
			shellScript = "rm -rf Documentation/xml\nrm -rf Documentation/latex\nrm -rf Documentation/apple\n\nDG=`which doxygen`\n\nif [ \"$DG\" == \"\" ]; then exit 0;fi\n\ndoxygen Documentation/Doxyfile\nDocumentation/doxyclean/doxyclean.py --name=FlickrKit --input=Documentation/xml/ --output=Documentation/apple";
		};
/* End PBXShellScriptBuildPhase section */

/* Begin PBXSourcesBuildPhase section */
		C769252A132FEC6D005F6AC3 /* Sources */ = {
			isa = PBXSourcesBuildPhase;
			buildActionMask = 2147483647;
			files = (
				C7692549132FEDA9005F6AC3 /* FlickrAPIResponse.m in Sources */,
				C769254B132FEDA9005F6AC3 /* FlickrPhoto.m in Sources */,
				C7C3AF58132FFC6900F8C083 /* FlickrTag.m in Sources */,
				C7E99E60133142DE0027226A /* FlickrPerson.m in Sources */,
				C7E99E651331457E0027226A /* FlickrPersonManager.m in Sources */,
				C7278A051333F0B4008C4321 /* FlickrLicense.m in Sources */,
				C77A660A133F62950026C24B /* FlickrComment.m in Sources */,
				C7D25BF6135DE373003FF694 /* FlickrEXIFTag.m in Sources */,
				C7D25BFB135DE887003FF694 /* FlickrAsynchronousFetcher.m in Sources */,
				C7AE251D1363650400C3D48D /* FlickrKitHelpers.m in Sources */,
				C7638782136376D100362B2F /* FlickrPhotoset.m in Sources */,
				C7E7A08C1365AF7D00BA33AD /* NSString+MD5Hash.m in Sources */,
				C78C0795137EC13C0048209E /* FlickrAuthorizationController.m in Sources */,
				C757798B13A1422E00060713 /* FlickrAuthorizationSheetController.m in Sources */,
				BB1647C713A281C700E64DEF /* FlickrToken.m in Sources */,
				C73977CB14092BEF005C8562 /* NSColor+CGColor.m in Sources */,
				C72E5489141CF845007280F3 /* Makefile in Sources */,
				C7A07ADA14CED1E100CF6C5F /* FlickrAuthorizationContext.m in Sources */,
				C77F24AD15A9D86D00A914DD /* FlickrAPIRequest.m in Sources */,
			);
			runOnlyForDeploymentPostprocessing = 0;
		};
/* End PBXSourcesBuildPhase section */

/* Begin PBXTargetDependency section */
		C73977B8140929CE005C8562 /* PBXTargetDependency */ = {
			isa = PBXTargetDependency;
			name = OAuthKit;
			targetProxy = C73977B7140929CE005C8562 /* PBXContainerItemProxy */;
		};
/* End PBXTargetDependency section */

/* Begin PBXVariantGroup section */
		C769253B132FEC6D005F6AC3 /* InfoPlist.strings */ = {
			isa = PBXVariantGroup;
			children = (
				C769253C132FEC6D005F6AC3 /* en */,
			);
			name = InfoPlist.strings;
			sourceTree = "<group>";
		};
		C78EA6F5136441140037BD27 /* FlickrImageSize.strings */ = {
			isa = PBXVariantGroup;
			children = (
				C78EA6F4136441140037BD27 /* en */,
				C78EA6F61364411C0037BD27 /* de */,
			);
			name = FlickrImageSize.strings;
			sourceTree = "<group>";
		};
/* End PBXVariantGroup section */

/* Begin XCBuildConfiguration section */
		C769253F132FEC6D005F6AC3 /* Debug */ = {
			isa = XCBuildConfiguration;
			buildSettings = {
				ARCHS = "$(ARCHS_STANDARD_64_BIT)";
				GCC_C_LANGUAGE_STANDARD = gnu99;
				GCC_OPTIMIZATION_LEVEL = 0;
				GCC_PREPROCESSOR_DEFINITIONS = DEBUG;
				GCC_SYMBOLS_PRIVATE_EXTERN = NO;
				GCC_VERSION = com.apple.compilers.llvm.clang.1_0;
				GCC_WARN_64_TO_32_BIT_CONVERSION = YES;
				GCC_WARN_ABOUT_MISSING_PROTOTYPES = YES;
				GCC_WARN_ABOUT_RETURN_TYPE = YES;
				GCC_WARN_UNUSED_VARIABLE = YES;
				INSTALL_PATH = "";
				LD_DYLIB_INSTALL_NAME = "";
				MACOSX_DEPLOYMENT_TARGET = 10.6;
				ONLY_ACTIVE_ARCH = YES;
				SDKROOT = macosx;
				VALID_ARCHS = x86_64;
			};
			name = Debug;
		};
		C7692540132FEC6D005F6AC3 /* Release */ = {
			isa = XCBuildConfiguration;
			buildSettings = {
				ARCHS = "$(ARCHS_STANDARD_64_BIT)";
				GCC_C_LANGUAGE_STANDARD = gnu99;
				GCC_VERSION = com.apple.compilers.llvm.clang.1_0;
				GCC_WARN_64_TO_32_BIT_CONVERSION = YES;
				GCC_WARN_ABOUT_MISSING_PROTOTYPES = YES;
				GCC_WARN_ABOUT_RETURN_TYPE = YES;
				GCC_WARN_UNUSED_VARIABLE = YES;
				INSTALL_PATH = "";
				LD_DYLIB_INSTALL_NAME = "";
				MACOSX_DEPLOYMENT_TARGET = 10.6;
				SDKROOT = macosx;
				VALID_ARCHS = x86_64;
			};
			name = Release;
		};
		C7692542132FEC6D005F6AC3 /* Debug */ = {
			isa = XCBuildConfiguration;
			buildSettings = {
				ALWAYS_SEARCH_USER_PATHS = NO;
				CLANG_ENABLE_OBJC_ARC = YES;
				COMBINE_HIDPI_IMAGES = YES;
				COPY_PHASE_STRIP = NO;
				DYLIB_COMPATIBILITY_VERSION = 1;
				DYLIB_CURRENT_VERSION = 1;
				FRAMEWORK_VERSION = A;
				GCC_DYNAMIC_NO_PIC = NO;
				GCC_ENABLE_OBJC_EXCEPTIONS = YES;
				GCC_PRECOMPILE_PREFIX_HEADER = YES;
				GCC_PREFIX_HEADER = "Source/FlickrKit-Prefix.pch";
				INFOPLIST_FILE = "FlickrKit-Info.plist";
				INSTALL_PATH = "@rpath";
				LD_DYLIB_INSTALL_NAME = "@rpath/FlickrKit.framework/Versions/A/FlickrKit";
				MACOSX_DEPLOYMENT_TARGET = 10.6.8;
				PRODUCT_NAME = FlickrKit;
				WRAPPER_EXTENSION = framework;
			};
			name = Debug;
		};
		C7692543132FEC6D005F6AC3 /* Release */ = {
			isa = XCBuildConfiguration;
			buildSettings = {
				ALWAYS_SEARCH_USER_PATHS = NO;
				CLANG_ENABLE_OBJC_ARC = YES;
				COMBINE_HIDPI_IMAGES = YES;
				COPY_PHASE_STRIP = YES;
				DEBUG_INFORMATION_FORMAT = "dwarf-with-dsym";
				DYLIB_COMPATIBILITY_VERSION = 1;
				DYLIB_CURRENT_VERSION = 1;
				FRAMEWORK_VERSION = A;
				GCC_ENABLE_OBJC_EXCEPTIONS = YES;
				GCC_PRECOMPILE_PREFIX_HEADER = YES;
				GCC_PREFIX_HEADER = "Source/FlickrKit-Prefix.pch";
				INFOPLIST_FILE = "FlickrKit-Info.plist";
				INSTALL_PATH = "@rpath";
				LD_DYLIB_INSTALL_NAME = "@rpath/FlickrKit.framework/Versions/A/FlickrKit";
				MACOSX_DEPLOYMENT_TARGET = 10.6.8;
				PRODUCT_NAME = FlickrKit;
				WRAPPER_EXTENSION = framework;
			};
			name = Release;
		};
/* End XCBuildConfiguration section */

/* Begin XCConfigurationList section */
		C7692528132FEC6D005F6AC3 /* Build configuration list for PBXProject "FlickrKit" */ = {
			isa = XCConfigurationList;
			buildConfigurations = (
				C769253F132FEC6D005F6AC3 /* Debug */,
				C7692540132FEC6D005F6AC3 /* Release */,
			);
			defaultConfigurationIsVisible = 0;
			defaultConfigurationName = Release;
		};
		C7692541132FEC6D005F6AC3 /* Build configuration list for PBXNativeTarget "FlickrKit" */ = {
			isa = XCConfigurationList;
			buildConfigurations = (
				C7692542132FEC6D005F6AC3 /* Debug */,
				C7692543132FEC6D005F6AC3 /* Release */,
			);
			defaultConfigurationIsVisible = 0;
			defaultConfigurationName = Release;
		};
/* End XCConfigurationList section */
	};
	rootObject = C7692525132FEC6D005F6AC3 /* Project object */;
}
