// !$*UTF8*$!
{
	archiveVersion = 1;
	classes = {
	};
	objectVersion = 46;
	objects = {

/* Begin PBXBuildFile section */
		BB1647C613A281C700E64DEF /* FlickrToken.h in Headers */ = {isa = PBXBuildFile; fileRef = BB1647C413A281C700E64DEF /* FlickrToken.h */; settings = {ATTRIBUTES = (Public, ); }; };
		BB1647C713A281C700E64DEF /* FlickrToken.m in Sources */ = {isa = PBXBuildFile; fileRef = BB1647C513A281C700E64DEF /* FlickrToken.m */; };
		BB61E74D141CF4E900839347 /* common.css in Resources */ = {isa = PBXBuildFile; fileRef = BB61E746141CF4E900839347 /* common.css */; };
		BB61E74E141CF4E900839347 /* print.css in Resources */ = {isa = PBXBuildFile; fileRef = BB61E747141CF4E900839347 /* print.css */; };
		BB61E74F141CF4E900839347 /* screen.css in Resources */ = {isa = PBXBuildFile; fileRef = BB61E748141CF4E900839347 /* screen.css */; };
		BB61E750141CF4E900839347 /* doxyclean.py in Resources */ = {isa = PBXBuildFile; fileRef = BB61E749141CF4E900839347 /* doxyclean.py */; };
		BB61E751141CF4E900839347 /* index2html.xslt in Resources */ = {isa = PBXBuildFile; fileRef = BB61E74A141CF4E900839347 /* index2html.xslt */; };
		BB61E752141CF4E900839347 /* object.xslt in Resources */ = {isa = PBXBuildFile; fileRef = BB61E74B141CF4E900839347 /* object.xslt */; };
		BB61E753141CF4E900839347 /* object2html.xslt in Resources */ = {isa = PBXBuildFile; fileRef = BB61E74C141CF4E900839347 /* object2html.xslt */; };
		C72789FF1332894D008C4321 /* cr.large.png in Resources */ = {isa = PBXBuildFile; fileRef = C72789FD1332894D008C4321 /* cr.large.png */; };
		C7278A041333F0B4008C4321 /* FlickrLicense.h in Headers */ = {isa = PBXBuildFile; fileRef = C7278A021333F0B3008C4321 /* FlickrLicense.h */; settings = {ATTRIBUTES = (Public, ); }; };
		C7278A051333F0B4008C4321 /* FlickrLicense.m in Sources */ = {isa = PBXBuildFile; fileRef = C7278A031333F0B3008C4321 /* FlickrLicense.m */; };
		C73977B9140929D6005C8562 /* OAuthKit.framework in Frameworks */ = {isa = PBXBuildFile; fileRef = C73977B5140929C6005C8562 /* OAuthKit.framework */; };
		C73977BB140929F1005C8562 /* OAuthKit.framework in CopyFiles */ = {isa = PBXBuildFile; fileRef = C73977B5140929C6005C8562 /* OAuthKit.framework */; };
		C73977CA14092BEF005C8562 /* NSColor+CGColor.h in Headers */ = {isa = PBXBuildFile; fileRef = C73977C814092BEF005C8562 /* NSColor+CGColor.h */; };
		C73977CB14092BEF005C8562 /* NSColor+CGColor.m in Sources */ = {isa = PBXBuildFile; fileRef = C73977C914092BEF005C8562 /* NSColor+CGColor.m */; };
		C757798A13A1422E00060713 /* FlickrAuthorizationSheetController.h in Headers */ = {isa = PBXBuildFile; fileRef = C757798813A1422E00060713 /* FlickrAuthorizationSheetController.h */; settings = {ATTRIBUTES = (Public, ); }; };
		C757798B13A1422E00060713 /* FlickrAuthorizationSheetController.m in Sources */ = {isa = PBXBuildFile; fileRef = C757798913A1422E00060713 /* FlickrAuthorizationSheetController.m */; };
		C757798E13A1434F00060713 /* FlickrAuthorizationSheetController.xib in Resources */ = {isa = PBXBuildFile; fileRef = C757798D13A1434F00060713 /* FlickrAuthorizationSheetController.xib */; };
		C75A8B9A1333F32C00716282 /* FlickrAPIResponse.h in Headers */ = {isa = PBXBuildFile; fileRef = C75A8B991333F32C00716282 /* FlickrAPIResponse.h */; settings = {ATTRIBUTES = (Public, ); }; };
		C7638781136376D100362B2F /* FlickrPhotoset.h in Headers */ = {isa = PBXBuildFile; fileRef = C763877F136376D100362B2F /* FlickrPhotoset.h */; settings = {ATTRIBUTES = (Public, ); }; };
		C7638782136376D100362B2F /* FlickrPhotoset.m in Sources */ = {isa = PBXBuildFile; fileRef = C7638780136376D100362B2F /* FlickrPhotoset.m */; };
		C7692533132FEC6D005F6AC3 /* Cocoa.framework in Frameworks */ = {isa = PBXBuildFile; fileRef = C7692532132FEC6D005F6AC3 /* Cocoa.framework */; };
		C769253D132FEC6D005F6AC3 /* InfoPlist.strings in Resources */ = {isa = PBXBuildFile; fileRef = C769253B132FEC6D005F6AC3 /* InfoPlist.strings */; };
		C7692549132FEDA9005F6AC3 /* FlickrAPIResponse.m in Sources */ = {isa = PBXBuildFile; fileRef = C7692545132FEDA9005F6AC3 /* FlickrAPIResponse.m */; };
		C769254A132FEDA9005F6AC3 /* FlickrPhoto.h in Headers */ = {isa = PBXBuildFile; fileRef = C7692546132FEDA9005F6AC3 /* FlickrPhoto.h */; settings = {ATTRIBUTES = (Public, ); }; };
		C769254B132FEDA9005F6AC3 /* FlickrPhoto.m in Sources */ = {isa = PBXBuildFile; fileRef = C7692547132FEDA9005F6AC3 /* FlickrPhoto.m */; };
		C7692557132FEEFB005F6AC3 /* FlickrKit.h in Headers */ = {isa = PBXBuildFile; fileRef = C7692556132FEEFB005F6AC3 /* FlickrKit.h */; settings = {ATTRIBUTES = (Public, ); }; };
		C77A6609133F62950026C24B /* FlickrComment.h in Headers */ = {isa = PBXBuildFile; fileRef = C77A6607133F62950026C24B /* FlickrComment.h */; settings = {ATTRIBUTES = (Public, ); }; };
		C77A660A133F62950026C24B /* FlickrComment.m in Sources */ = {isa = PBXBuildFile; fileRef = C77A6608133F62950026C24B /* FlickrComment.m */; };
		C78C0794137EC13C0048209E /* FlickrAuthorizationController.h in Headers */ = {isa = PBXBuildFile; fileRef = C78C0792137EC13B0048209E /* FlickrAuthorizationController.h */; settings = {ATTRIBUTES = (Public, ); }; };
		C78C0795137EC13C0048209E /* FlickrAuthorizationController.m in Sources */ = {isa = PBXBuildFile; fileRef = C78C0793137EC13C0048209E /* FlickrAuthorizationController.m */; };
		C78C0798137EC37A0048209E /* WebKit.framework in Frameworks */ = {isa = PBXBuildFile; fileRef = C78C0796137EC35A0048209E /* WebKit.framework */; };
		C78EA6F7136443450037BD27 /* FlickrImageSize.strings in Resources */ = {isa = PBXBuildFile; fileRef = C78EA6F5136441140037BD27 /* FlickrImageSize.strings */; };
		C799094A133262570000B732 /* by.large.png in Resources */ = {isa = PBXBuildFile; fileRef = C7990945133262570000B732 /* by.large.png */; };
		C799094B133262570000B732 /* cc.large.png in Resources */ = {isa = PBXBuildFile; fileRef = C7990946133262570000B732 /* cc.large.png */; };
		C799094C133262570000B732 /* nc.large.png in Resources */ = {isa = PBXBuildFile; fileRef = C7990947133262570000B732 /* nc.large.png */; };
		C799094D133262570000B732 /* nd.large.png in Resources */ = {isa = PBXBuildFile; fileRef = C7990948133262570000B732 /* nd.large.png */; };
		C799094E133262570000B732 /* sa.large.png in Resources */ = {isa = PBXBuildFile; fileRef = C7990949133262570000B732 /* sa.large.png */; };
		C7AE251D1363650400C3D48D /* FlickrKitHelpers.m in Sources */ = {isa = PBXBuildFile; fileRef = C7AE251B1363650400C3D48D /* FlickrKitHelpers.m */; };
		C7C3AF57132FFC6900F8C083 /* FlickrTag.h in Headers */ = {isa = PBXBuildFile; fileRef = C7C3AF55132FFC6900F8C083 /* FlickrTag.h */; settings = {ATTRIBUTES = (Public, ); }; };
		C7C3AF58132FFC6900F8C083 /* FlickrTag.m in Sources */ = {isa = PBXBuildFile; fileRef = C7C3AF56132FFC6900F8C083 /* FlickrTag.m */; };
		C7D25BF5135DE373003FF694 /* FlickrEXIFTag.h in Headers */ = {isa = PBXBuildFile; fileRef = C7D25BF3135DE373003FF694 /* FlickrEXIFTag.h */; settings = {ATTRIBUTES = (Public, ); }; };
		C7D25BF6135DE373003FF694 /* FlickrEXIFTag.m in Sources */ = {isa = PBXBuildFile; fileRef = C7D25BF4135DE373003FF694 /* FlickrEXIFTag.m */; };
		C7D25BFA135DE887003FF694 /* FlickrAsynchronousFetcher.h in Headers */ = {isa = PBXBuildFile; fileRef = C7D25BF8135DE887003FF694 /* FlickrAsynchronousFetcher.h */; };
		C7D25BFB135DE887003FF694 /* FlickrAsynchronousFetcher.m in Sources */ = {isa = PBXBuildFile; fileRef = C7D25BF9135DE887003FF694 /* FlickrAsynchronousFetcher.m */; };
		C7DF0BC3133B62D6001BE05B /* FlickrKitConstants.h in Headers */ = {isa = PBXBuildFile; fileRef = C7DF0BC2133B62D6001BE05B /* FlickrKitConstants.h */; settings = {ATTRIBUTES = (Public, ); }; };
		C7E7A08B1365AF7D00BA33AD /* NSString+MD5Hash.h in Headers */ = {isa = PBXBuildFile; fileRef = C7E7A0891365AF7D00BA33AD /* NSString+MD5Hash.h */; };
		C7E7A08C1365AF7D00BA33AD /* NSString+MD5Hash.m in Sources */ = {isa = PBXBuildFile; fileRef = C7E7A08A1365AF7D00BA33AD /* NSString+MD5Hash.m */; };
		C7E99E5F133142DE0027226A /* FlickrPerson.h in Headers */ = {isa = PBXBuildFile; fileRef = C7E99E5D133142DD0027226A /* FlickrPerson.h */; settings = {ATTRIBUTES = (Public, ); }; };
		C7E99E60133142DE0027226A /* FlickrPerson.m in Sources */ = {isa = PBXBuildFile; fileRef = C7E99E5E133142DD0027226A /* FlickrPerson.m */; };
		C7E99E641331457E0027226A /* FlickrPersonManager.h in Headers */ = {isa = PBXBuildFile; fileRef = C7E99E621331457E0027226A /* FlickrPersonManager.h */; settings = {ATTRIBUTES = (Public, ); }; };
		C7E99E651331457E0027226A /* FlickrPersonManager.m in Sources */ = {isa = PBXBuildFile; fileRef = C7E99E631331457E0027226A /* FlickrPersonManager.m */; };
/* End PBXBuildFile section */

/* Begin PBXContainerItemProxy section */
		C73977B4140929C6005C8562 /* PBXContainerItemProxy */ = {
			isa = PBXContainerItemProxy;
			containerPortal = C73977AD140929C6005C8562 /* OAuthKit.xcodeproj */;
			proxyType = 2;
			remoteGlobalIDString = BBF0CBB91312E8B7004F85FE;
			remoteInfo = OAuthKit;
		};
		C73977B7140929CE005C8562 /* PBXContainerItemProxy */ = {
			isa = PBXContainerItemProxy;
			containerPortal = C73977AD140929C6005C8562 /* OAuthKit.xcodeproj */;
			proxyType = 1;
			remoteGlobalIDString = BBF0CBB81312E8B7004F85FE;
			remoteInfo = OAuthKit;
		};
/* End PBXContainerItemProxy section */

/* Begin PBXCopyFilesBuildPhase section */
		C73977BA140929E8005C8562 /* CopyFiles */ = {
			isa = PBXCopyFilesBuildPhase;
			buildActionMask = 2147483647;
			dstPath = "";
			dstSubfolderSpec = 10;
			files = (
				C73977BB140929F1005C8562 /* OAuthKit.framework in CopyFiles */,
			);
			runOnlyForDeploymentPostprocessing = 0;
		};
/* End PBXCopyFilesBuildPhase section */

/* Begin PBXFileReference section */
		BB1647C413A281C700E64DEF /* FlickrToken.h */ = {isa = PBXFileReference; fileEncoding = 4; lastKnownFileType = sourcecode.c.h; path = FlickrToken.h; sourceTree = "<group>"; };
		BB1647C513A281C700E64DEF /* FlickrToken.m */ = {isa = PBXFileReference; fileEncoding = 4; lastKnownFileType = sourcecode.c.objc; path = FlickrToken.m; sourceTree = "<group>"; };
		BB61E746141CF4E900839347 /* common.css */ = {isa = PBXFileReference; fileEncoding = 4; lastKnownFileType = text.css; path = common.css; sourceTree = "<group>"; };
		BB61E747141CF4E900839347 /* print.css */ = {isa = PBXFileReference; fileEncoding = 4; lastKnownFileType = text.css; path = print.css; sourceTree = "<group>"; };
		BB61E748141CF4E900839347 /* screen.css */ = {isa = PBXFileReference; fileEncoding = 4; lastKnownFileType = text.css; path = screen.css; sourceTree = "<group>"; };
		BB61E749141CF4E900839347 /* doxyclean.py */ = {isa = PBXFileReference; fileEncoding = 4; lastKnownFileType = text.script.python; path = doxyclean.py; sourceTree = "<group>"; };
		BB61E74A141CF4E900839347 /* index2html.xslt */ = {isa = PBXFileReference; fileEncoding = 4; lastKnownFileType = text.xml; path = index2html.xslt; sourceTree = "<group>"; };
		BB61E74B141CF4E900839347 /* object.xslt */ = {isa = PBXFileReference; fileEncoding = 4; lastKnownFileType = text.xml; path = object.xslt; sourceTree = "<group>"; };
		BB61E74C141CF4E900839347 /* object2html.xslt */ = {isa = PBXFileReference; fileEncoding = 4; lastKnownFileType = text.xml; path = object2html.xslt; sourceTree = "<group>"; };
		C72789FD1332894D008C4321 /* cr.large.png */ = {isa = PBXFileReference; lastKnownFileType = image.png; path = cr.large.png; sourceTree = "<group>"; };
		C7278A021333F0B3008C4321 /* FlickrLicense.h */ = {isa = PBXFileReference; fileEncoding = 4; lastKnownFileType = sourcecode.c.h; path = FlickrLicense.h; sourceTree = "<group>"; };
		C7278A031333F0B3008C4321 /* FlickrLicense.m */ = {isa = PBXFileReference; fileEncoding = 4; lastKnownFileType = sourcecode.c.objc; path = FlickrLicense.m; sourceTree = "<group>"; };
		C73977AD140929C6005C8562 /* OAuthKit.xcodeproj */ = {isa = PBXFileReference; lastKnownFileType = "wrapper.pb-project"; name = OAuthKit.xcodeproj; path = ../OAuthKit/OAuthKit.xcodeproj; sourceTree = "<group>"; };
		C73977C814092BEF005C8562 /* NSColor+CGColor.h */ = {isa = PBXFileReference; fileEncoding = 4; lastKnownFileType = sourcecode.c.h; path = "NSColor+CGColor.h"; sourceTree = "<group>"; };
		C73977C914092BEF005C8562 /* NSColor+CGColor.m */ = {isa = PBXFileReference; fileEncoding = 4; lastKnownFileType = sourcecode.c.objc; path = "NSColor+CGColor.m"; sourceTree = "<group>"; };
		C757798813A1422E00060713 /* FlickrAuthorizationSheetController.h */ = {isa = PBXFileReference; fileEncoding = 4; lastKnownFileType = sourcecode.c.h; path = FlickrAuthorizationSheetController.h; sourceTree = "<group>"; };
		C757798913A1422E00060713 /* FlickrAuthorizationSheetController.m */ = {isa = PBXFileReference; fileEncoding = 4; lastKnownFileType = sourcecode.c.objc; path = FlickrAuthorizationSheetController.m; sourceTree = "<group>"; };
		C757798D13A1434F00060713 /* FlickrAuthorizationSheetController.xib */ = {isa = PBXFileReference; fileEncoding = 4; lastKnownFileType = file.xib; path = FlickrAuthorizationSheetController.xib; sourceTree = "<group>"; };
		C75A8B991333F32C00716282 /* FlickrAPIResponse.h */ = {isa = PBXFileReference; fileEncoding = 4; lastKnownFileType = sourcecode.c.h; path = FlickrAPIResponse.h; sourceTree = "<group>"; };
		C763877F136376D100362B2F /* FlickrPhotoset.h */ = {isa = PBXFileReference; fileEncoding = 4; lastKnownFileType = sourcecode.c.h; path = FlickrPhotoset.h; sourceTree = "<group>"; };
		C7638780136376D100362B2F /* FlickrPhotoset.m */ = {isa = PBXFileReference; fileEncoding = 4; lastKnownFileType = sourcecode.c.objc; path = FlickrPhotoset.m; sourceTree = "<group>"; };
		C769252F132FEC6D005F6AC3 /* FlickrKit.framework */ = {isa = PBXFileReference; explicitFileType = wrapper.framework; includeInIndex = 0; path = FlickrKit.framework; sourceTree = BUILT_PRODUCTS_DIR; };
		C7692532132FEC6D005F6AC3 /* Cocoa.framework */ = {isa = PBXFileReference; lastKnownFileType = wrapper.framework; name = Cocoa.framework; path = System/Library/Frameworks/Cocoa.framework; sourceTree = SDKROOT; };
		C7692537132FEC6D005F6AC3 /* Foundation.framework */ = {isa = PBXFileReference; lastKnownFileType = wrapper.framework; name = Foundation.framework; path = System/Library/Frameworks/Foundation.framework; sourceTree = SDKROOT; };
		C769253A132FEC6D005F6AC3 /* FlickrKit-Info.plist */ = {isa = PBXFileReference; lastKnownFileType = text.plist.xml; name = "FlickrKit-Info.plist"; path = "../FlickrKit-Info.plist"; sourceTree = "<group>"; };
		C769253C132FEC6D005F6AC3 /* en */ = {isa = PBXFileReference; lastKnownFileType = text.plist.strings; name = en; path = en.lproj/InfoPlist.strings; sourceTree = "<group>"; };
		C769253E132FEC6D005F6AC3 /* FlickrKit-Prefix.pch */ = {isa = PBXFileReference; lastKnownFileType = sourcecode.c.h; path = "FlickrKit-Prefix.pch"; sourceTree = "<group>"; };
		C7692545132FEDA9005F6AC3 /* FlickrAPIResponse.m */ = {isa = PBXFileReference; fileEncoding = 4; lastKnownFileType = sourcecode.c.objc; path = FlickrAPIResponse.m; sourceTree = "<group>"; };
		C7692546132FEDA9005F6AC3 /* FlickrPhoto.h */ = {isa = PBXFileReference; fileEncoding = 4; lastKnownFileType = sourcecode.c.h; path = FlickrPhoto.h; sourceTree = "<group>"; };
		C7692547132FEDA9005F6AC3 /* FlickrPhoto.m */ = {isa = PBXFileReference; fileEncoding = 4; lastKnownFileType = sourcecode.c.objc; path = FlickrPhoto.m; sourceTree = "<group>"; };
		C7692556132FEEFB005F6AC3 /* FlickrKit.h */ = {isa = PBXFileReference; fileEncoding = 4; lastKnownFileType = sourcecode.c.h; path = FlickrKit.h; sourceTree = "<group>"; };
		C77A6607133F62950026C24B /* FlickrComment.h */ = {isa = PBXFileReference; fileEncoding = 4; lastKnownFileType = sourcecode.c.h; path = FlickrComment.h; sourceTree = "<group>"; };
		C77A6608133F62950026C24B /* FlickrComment.m */ = {isa = PBXFileReference; fileEncoding = 4; lastKnownFileType = sourcecode.c.objc; path = FlickrComment.m; sourceTree = "<group>"; };
		C78C0792137EC13B0048209E /* FlickrAuthorizationController.h */ = {isa = PBXFileReference; fileEncoding = 4; lastKnownFileType = sourcecode.c.h; path = FlickrAuthorizationController.h; sourceTree = "<group>"; };
		C78C0793137EC13C0048209E /* FlickrAuthorizationController.m */ = {isa = PBXFileReference; fileEncoding = 4; lastKnownFileType = sourcecode.c.objc; path = FlickrAuthorizationController.m; sourceTree = "<group>"; };
		C78C0796137EC35A0048209E /* WebKit.framework */ = {isa = PBXFileReference; lastKnownFileType = wrapper.framework; name = WebKit.framework; path = System/Library/Frameworks/WebKit.framework; sourceTree = SDKROOT; };
		C78EA6F4136441140037BD27 /* en */ = {isa = PBXFileReference; lastKnownFileType = text.plist.strings; name = en; path = en.lproj/FlickrImageSize.strings; sourceTree = "<group>"; };
		C78EA6F61364411C0037BD27 /* de */ = {isa = PBXFileReference; lastKnownFileType = text.plist.strings; name = de; path = de.lproj/FlickrImageSize.strings; sourceTree = "<group>"; };
		C7990945133262570000B732 /* by.large.png */ = {isa = PBXFileReference; lastKnownFileType = image.png; path = by.large.png; sourceTree = "<group>"; };
		C7990946133262570000B732 /* cc.large.png */ = {isa = PBXFileReference; lastKnownFileType = image.png; path = cc.large.png; sourceTree = "<group>"; };
		C7990947133262570000B732 /* nc.large.png */ = {isa = PBXFileReference; lastKnownFileType = image.png; path = nc.large.png; sourceTree = "<group>"; };
		C7990948133262570000B732 /* nd.large.png */ = {isa = PBXFileReference; lastKnownFileType = image.png; path = nd.large.png; sourceTree = "<group>"; };
		C7990949133262570000B732 /* sa.large.png */ = {isa = PBXFileReference; lastKnownFileType = image.png; path = sa.large.png; sourceTree = "<group>"; };
		C7AE251B1363650400C3D48D /* FlickrKitHelpers.m */ = {isa = PBXFileReference; fileEncoding = 4; lastKnownFileType = sourcecode.c.objc; path = FlickrKitHelpers.m; sourceTree = "<group>"; };
		C7C3AF55132FFC6900F8C083 /* FlickrTag.h */ = {isa = PBXFileReference; fileEncoding = 4; lastKnownFileType = sourcecode.c.h; path = FlickrTag.h; sourceTree = "<group>"; };
		C7C3AF56132FFC6900F8C083 /* FlickrTag.m */ = {isa = PBXFileReference; fileEncoding = 4; lastKnownFileType = sourcecode.c.objc; path = FlickrTag.m; sourceTree = "<group>"; };
		C7D25BF3135DE373003FF694 /* FlickrEXIFTag.h */ = {isa = PBXFileReference; fileEncoding = 4; lastKnownFileType = sourcecode.c.h; path = FlickrEXIFTag.h; sourceTree = "<group>"; };
		C7D25BF4135DE373003FF694 /* FlickrEXIFTag.m */ = {isa = PBXFileReference; fileEncoding = 4; lastKnownFileType = sourcecode.c.objc; path = FlickrEXIFTag.m; sourceTree = "<group>"; };
		C7D25BF8135DE887003FF694 /* FlickrAsynchronousFetcher.h */ = {isa = PBXFileReference; fileEncoding = 4; lastKnownFileType = sourcecode.c.h; path = FlickrAsynchronousFetcher.h; sourceTree = "<group>"; };
		C7D25BF9135DE887003FF694 /* FlickrAsynchronousFetcher.m */ = {isa = PBXFileReference; fileEncoding = 4; lastKnownFileType = sourcecode.c.objc; path = FlickrAsynchronousFetcher.m; sourceTree = "<group>"; };
		C7DF0BC2133B62D6001BE05B /* FlickrKitConstants.h */ = {isa = PBXFileReference; fileEncoding = 4; lastKnownFileType = sourcecode.c.h; path = FlickrKitConstants.h; sourceTree = "<group>"; };
		C7E7A0891365AF7D00BA33AD /* NSString+MD5Hash.h */ = {isa = PBXFileReference; fileEncoding = 4; lastKnownFileType = sourcecode.c.h; path = "NSString+MD5Hash.h"; sourceTree = "<group>"; };
		C7E7A08A1365AF7D00BA33AD /* NSString+MD5Hash.m */ = {isa = PBXFileReference; fileEncoding = 4; lastKnownFileType = sourcecode.c.objc; path = "NSString+MD5Hash.m"; sourceTree = "<group>"; };
		C7E99E5D133142DD0027226A /* FlickrPerson.h */ = {isa = PBXFileReference; fileEncoding = 4; lastKnownFileType = sourcecode.c.h; path = FlickrPerson.h; sourceTree = "<group>"; };
		C7E99E5E133142DD0027226A /* FlickrPerson.m */ = {isa = PBXFileReference; fileEncoding = 4; lastKnownFileType = sourcecode.c.objc; path = FlickrPerson.m; sourceTree = "<group>"; };
		C7E99E621331457E0027226A /* FlickrPersonManager.h */ = {isa = PBXFileReference; fileEncoding = 4; lastKnownFileType = sourcecode.c.h; path = FlickrPersonManager.h; sourceTree = "<group>"; };
		C7E99E631331457E0027226A /* FlickrPersonManager.m */ = {isa = PBXFileReference; fileEncoding = 4; lastKnownFileType = sourcecode.c.objc; path = FlickrPersonManager.m; sourceTree = "<group>"; };
/* End PBXFileReference section */

/* Begin PBXFrameworksBuildPhase section */
		C769252B132FEC6D005F6AC3 /* Frameworks */ = {
			isa = PBXFrameworksBuildPhase;
			buildActionMask = 2147483647;
			files = (
				C73977B9140929D6005C8562 /* OAuthKit.framework in Frameworks */,
				C78C0798137EC37A0048209E /* WebKit.framework in Frameworks */,
				C7692533132FEC6D005F6AC3 /* Cocoa.framework in Frameworks */,
			);
			runOnlyForDeploymentPostprocessing = 0;
		};
/* End PBXFrameworksBuildPhase section */

/* Begin PBXGroup section */
		BB61E743141CF4E900839347 /* Documentation */ = {
			isa = PBXGroup;
			children = (
				BB61E744141CF4E900839347 /* doxyclean */,
			);
			path = Documentation;
			sourceTree = "<group>";
		};
		BB61E744141CF4E900839347 /* doxyclean */ = {
			isa = PBXGroup;
			children = (
				BB61E745141CF4E900839347 /* css */,
				BB61E749141CF4E900839347 /* doxyclean.py */,
				BB61E74A141CF4E900839347 /* index2html.xslt */,
				BB61E74B141CF4E900839347 /* object.xslt */,
				BB61E74C141CF4E900839347 /* object2html.xslt */,
			);
			path = doxyclean;
			sourceTree = "<group>";
		};
		BB61E745141CF4E900839347 /* css */ = {
			isa = PBXGroup;
			children = (
				BB61E746141CF4E900839347 /* common.css */,
				BB61E747141CF4E900839347 /* print.css */,
				BB61E748141CF4E900839347 /* screen.css */,
			);
			path = css;
			sourceTree = "<group>";
		};
		C73977AE140929C6005C8562 /* Products */ = {
			isa = PBXGroup;
			children = (
				C73977B5140929C6005C8562 /* OAuthKit.framework */,
			);
			name = Products;
			sourceTree = "<group>";
		};
		C757798C13A142E100060713 /* UI */ = {
			isa = PBXGroup;
			children = (
				C757798D13A1434F00060713 /* FlickrAuthorizationSheetController.xib */,
			);
			path = UI;
			sourceTree = "<group>";
		};
		C7692523132FEC6D005F6AC3 = {
			isa = PBXGroup;
			children = (
				C73977AD140929C6005C8562 /* OAuthKit.xcodeproj */,
				BB61E743141CF4E900839347 /* Documentation */,
				C7990943133260890000B732 /* Resources */,
				C7692538132FEC6D005F6AC3 /* Source */,
				C7692531132FEC6D005F6AC3 /* Frameworks */,
				C7692530132FEC6D005F6AC3 /* Products */,
			);
			sourceTree = "<group>";
		};
		C7692530132FEC6D005F6AC3 /* Products */ = {
			isa = PBXGroup;
			children = (
				C769252F132FEC6D005F6AC3 /* FlickrKit.framework */,
			);
			name = Products;
			sourceTree = "<group>";
		};
		C7692531132FEC6D005F6AC3 /* Frameworks */ = {
			isa = PBXGroup;
			children = (
				C78C0796137EC35A0048209E /* WebKit.framework */,
				C7692537132FEC6D005F6AC3 /* Foundation.framework */,
				C7692532132FEC6D005F6AC3 /* Cocoa.framework */,
			);
			name = Frameworks;
			sourceTree = "<group>";
		};
		C7692538132FEC6D005F6AC3 /* Source */ = {
			isa = PBXGroup;
			children = (
				C7692556132FEEFB005F6AC3 /* FlickrKit.h */,
				C7DF0BC2133B62D6001BE05B /* FlickrKitConstants.h */,
				C7AE251B1363650400C3D48D /* FlickrKitHelpers.m */,
				C7D25BF8135DE887003FF694 /* FlickrAsynchronousFetcher.h */,
				C7D25BF9135DE887003FF694 /* FlickrAsynchronousFetcher.m */,
				C78C0792137EC13B0048209E /* FlickrAuthorizationController.h */,
				C78C0793137EC13C0048209E /* FlickrAuthorizationController.m */,
				C757798813A1422E00060713 /* FlickrAuthorizationSheetController.h */,
				C757798913A1422E00060713 /* FlickrAuthorizationSheetController.m */,
				C75A8B991333F32C00716282 /* FlickrAPIResponse.h */,
				C7692545132FEDA9005F6AC3 /* FlickrAPIResponse.m */,
				C77A6607133F62950026C24B /* FlickrComment.h */,
				C77A6608133F62950026C24B /* FlickrComment.m */,
				C7D25BF3135DE373003FF694 /* FlickrEXIFTag.h */,
				C7D25BF4135DE373003FF694 /* FlickrEXIFTag.m */,
				C7278A021333F0B3008C4321 /* FlickrLicense.h */,
				C7278A031333F0B3008C4321 /* FlickrLicense.m */,
				C7692546132FEDA9005F6AC3 /* FlickrPhoto.h */,
				C7692547132FEDA9005F6AC3 /* FlickrPhoto.m */,
				C763877F136376D100362B2F /* FlickrPhotoset.h */,
				C7638780136376D100362B2F /* FlickrPhotoset.m */,
				C7C3AF55132FFC6900F8C083 /* FlickrTag.h */,
				C7C3AF56132FFC6900F8C083 /* FlickrTag.m */,
				BB1647C413A281C700E64DEF /* FlickrToken.h */,
				BB1647C513A281C700E64DEF /* FlickrToken.m */,
				C7E99E5D133142DD0027226A /* FlickrPerson.h */,
				C7E99E5E133142DD0027226A /* FlickrPerson.m */,
				C7E99E621331457E0027226A /* FlickrPersonManager.h */,
				C7E99E631331457E0027226A /* FlickrPersonManager.m */,
				C7E7A0891365AF7D00BA33AD /* NSString+MD5Hash.h */,
				C7E7A08A1365AF7D00BA33AD /* NSString+MD5Hash.m */,
				C7692539132FEC6D005F6AC3 /* Supporting Files */,
				C73977C814092BEF005C8562 /* NSColor+CGColor.h */,
				C73977C914092BEF005C8562 /* NSColor+CGColor.m */,
			);
			path = Source;
			sourceTree = "<group>";
		};
		C7692539132FEC6D005F6AC3 /* Supporting Files */ = {
			isa = PBXGroup;
			children = (
				C769253A132FEC6D005F6AC3 /* FlickrKit-Info.plist */,
				C769253B132FEC6D005F6AC3 /* InfoPlist.strings */,
				C769253E132FEC6D005F6AC3 /* FlickrKit-Prefix.pch */,
			);
			name = "Supporting Files";
			sourceTree = "<group>";
		};
		C78EA6F013643FBC0037BD27 /* Localization */ = {
			isa = PBXGroup;
			children = (
				C78EA6F5136441140037BD27 /* FlickrImageSize.strings */,
			);
			path = Localization;
			sourceTree = "<group>";
		};
		C7990943133260890000B732 /* Resources */ = {
			isa = PBXGroup;
			children = (
				C757798C13A142E100060713 /* UI */,
				C78EA6F013643FBC0037BD27 /* Localization */,
				C7990944133260900000B732 /* Images */,
			);
			name = Resources;
			sourceTree = "<group>";
		};
		C7990944133260900000B732 /* Images */ = {
			isa = PBXGroup;
			children = (
				C72789FD1332894D008C4321 /* cr.large.png */,
				C7990945133262570000B732 /* by.large.png */,
				C7990946133262570000B732 /* cc.large.png */,
				C7990947133262570000B732 /* nc.large.png */,
				C7990948133262570000B732 /* nd.large.png */,
				C7990949133262570000B732 /* sa.large.png */,
			);
			name = Images;
			sourceTree = "<group>";
		};
/* End PBXGroup section */

/* Begin PBXHeadersBuildPhase section */
		C769252C132FEC6D005F6AC3 /* Headers */ = {
			isa = PBXHeadersBuildPhase;
			buildActionMask = 2147483647;
			files = (
				C7692557132FEEFB005F6AC3 /* FlickrKit.h in Headers */,
				C78C0794137EC13C0048209E /* FlickrAuthorizationController.h in Headers */,
				C757798A13A1422E00060713 /* FlickrAuthorizationSheetController.h in Headers */,
				C7DF0BC3133B62D6001BE05B /* FlickrKitConstants.h in Headers */,
				C75A8B9A1333F32C00716282 /* FlickrAPIResponse.h in Headers */,
				C7278A041333F0B4008C4321 /* FlickrLicense.h in Headers */,
				C7E99E5F133142DE0027226A /* FlickrPerson.h in Headers */,
				C7E99E641331457E0027226A /* FlickrPersonManager.h in Headers */,
				C7638781136376D100362B2F /* FlickrPhotoset.h in Headers */,
				C769254A132FEDA9005F6AC3 /* FlickrPhoto.h in Headers */,
				C7C3AF57132FFC6900F8C083 /* FlickrTag.h in Headers */,
				C77A6609133F62950026C24B /* FlickrComment.h in Headers */,
				C7D25BF5135DE373003FF694 /* FlickrEXIFTag.h in Headers */,
				BB1647C613A281C700E64DEF /* FlickrToken.h in Headers */,
				C7D25BFA135DE887003FF694 /* FlickrAsynchronousFetcher.h in Headers */,
				C7E7A08B1365AF7D00BA33AD /* NSString+MD5Hash.h in Headers */,
				C73977CA14092BEF005C8562 /* NSColor+CGColor.h in Headers */,
			);
			runOnlyForDeploymentPostprocessing = 0;
		};
/* End PBXHeadersBuildPhase section */

/* Begin PBXNativeTarget section */
		C769252E132FEC6D005F6AC3 /* FlickrKit */ = {
			isa = PBXNativeTarget;
			buildConfigurationList = C7692541132FEC6D005F6AC3 /* Build configuration list for PBXNativeTarget "FlickrKit" */;
			buildPhases = (
				C769252A132FEC6D005F6AC3 /* Sources */,
				C769252B132FEC6D005F6AC3 /* Frameworks */,
				C769252C132FEC6D005F6AC3 /* Headers */,
				C769252D132FEC6D005F6AC3 /* Resources */,
				C73977BA140929E8005C8562 /* CopyFiles */,
			);
			buildRules = (
			);
			dependencies = (
				C73977B8140929CE005C8562 /* PBXTargetDependency */,
			);
			name = FlickrKit;
			productName = FMFlickrKit;
			productReference = C769252F132FEC6D005F6AC3 /* FlickrKit.framework */;
			productType = "com.apple.product-type.framework";
		};
/* End PBXNativeTarget section */

/* Begin PBXProject section */
		C7692525132FEC6D005F6AC3 /* Project object */ = {
			isa = PBXProject;
			attributes = {
				LastUpgradeCheck = 0420;
				ORGANIZATIONNAME = "Felix Morgner";
			};
			buildConfigurationList = C7692528132FEC6D005F6AC3 /* Build configuration list for PBXProject "FlickrKit" */;
			compatibilityVersion = "Xcode 3.2";
			developmentRegion = English;
			hasScannedForEncodings = 0;
			knownRegions = (
				en,
				de,
			);
			mainGroup = C7692523132FEC6D005F6AC3;
			productRefGroup = C7692530132FEC6D005F6AC3 /* Products */;
			projectDirPath = "";
			projectReferences = (
				{
					ProductGroup = C73977AE140929C6005C8562 /* Products */;
					ProjectRef = C73977AD140929C6005C8562 /* OAuthKit.xcodeproj */;
				},
			);
			projectRoot = "";
			targets = (
				C769252E132FEC6D005F6AC3 /* FlickrKit */,
			);
		};
/* End PBXProject section */

/* Begin PBXReferenceProxy section */
		C73977B5140929C6005C8562 /* OAuthKit.framework */ = {
			isa = PBXReferenceProxy;
			fileType = wrapper.framework;
			path = OAuthKit.framework;
			remoteRef = C73977B4140929C6005C8562 /* PBXContainerItemProxy */;
			sourceTree = BUILT_PRODUCTS_DIR;
		};
/* End PBXReferenceProxy section */

/* Begin PBXResourcesBuildPhase section */
		C769252D132FEC6D005F6AC3 /* Resources */ = {
			isa = PBXResourcesBuildPhase;
			buildActionMask = 2147483647;
			files = (
				C78EA6F7136443450037BD27 /* FlickrImageSize.strings in Resources */,
				C769253D132FEC6D005F6AC3 /* InfoPlist.strings in Resources */,
				C799094A133262570000B732 /* by.large.png in Resources */,
				C799094B133262570000B732 /* cc.large.png in Resources */,
				C799094C133262570000B732 /* nc.large.png in Resources */,
				C799094D133262570000B732 /* nd.large.png in Resources */,
				C799094E133262570000B732 /* sa.large.png in Resources */,
				C72789FF1332894D008C4321 /* cr.large.png in Resources */,
				C757798E13A1434F00060713 /* FlickrAuthorizationSheetController.xib in Resources */,
				BB61E74D141CF4E900839347 /* common.css in Resources */,
				BB61E74E141CF4E900839347 /* print.css in Resources */,
				BB61E74F141CF4E900839347 /* screen.css in Resources */,
				BB61E750141CF4E900839347 /* doxyclean.py in Resources */,
				BB61E751141CF4E900839347 /* index2html.xslt in Resources */,
				BB61E752141CF4E900839347 /* object.xslt in Resources */,
				BB61E753141CF4E900839347 /* object2html.xslt in Resources */,
			);
			runOnlyForDeploymentPostprocessing = 0;
		};
/* End PBXResourcesBuildPhase section */

/* Begin PBXSourcesBuildPhase section */
		C769252A132FEC6D005F6AC3 /* Sources */ = {
			isa = PBXSourcesBuildPhase;
			buildActionMask = 2147483647;
			files = (
				C7692549132FEDA9005F6AC3 /* FlickrAPIResponse.m in Sources */,
				C769254B132FEDA9005F6AC3 /* FlickrPhoto.m in Sources */,
				C7C3AF58132FFC6900F8C083 /* FlickrTag.m in Sources */,
				C7E99E60133142DE0027226A /* FlickrPerson.m in Sources */,
				C7E99E651331457E0027226A /* FlickrPersonManager.m in Sources */,
				C7278A051333F0B4008C4321 /* FlickrLicense.m in Sources */,
				C77A660A133F62950026C24B /* FlickrComment.m in Sources */,
				C7D25BF6135DE373003FF694 /* FlickrEXIFTag.m in Sources */,
				C7D25BFB135DE887003FF694 /* FlickrAsynchronousFetcher.m in Sources */,
				C7AE251D1363650400C3D48D /* FlickrKitHelpers.m in Sources */,
				C7638782136376D100362B2F /* FlickrPhotoset.m in Sources */,
				C7E7A08C1365AF7D00BA33AD /* NSString+MD5Hash.m in Sources */,
				C78C0795137EC13C0048209E /* FlickrAuthorizationController.m in Sources */,
				C757798B13A1422E00060713 /* FlickrAuthorizationSheetController.m in Sources */,
				BB1647C713A281C700E64DEF /* FlickrToken.m in Sources */,
				C73977CB14092BEF005C8562 /* NSColor+CGColor.m in Sources */,
			);
			runOnlyForDeploymentPostprocessing = 0;
		};
/* End PBXSourcesBuildPhase section */

/* Begin PBXTargetDependency section */
		C73977B8140929CE005C8562 /* PBXTargetDependency */ = {
			isa = PBXTargetDependency;
			name = OAuthKit;
			targetProxy = C73977B7140929CE005C8562 /* PBXContainerItemProxy */;
		};
/* End PBXTargetDependency section */

/* Begin PBXVariantGroup section */
		C769253B132FEC6D005F6AC3 /* InfoPlist.strings */ = {
			isa = PBXVariantGroup;
			children = (
				C769253C132FEC6D005F6AC3 /* en */,
			);
			name = InfoPlist.strings;
			sourceTree = "<group>";
		};
		C78EA6F5136441140037BD27 /* FlickrImageSize.strings */ = {
			isa = PBXVariantGroup;
			children = (
				C78EA6F4136441140037BD27 /* en */,
				C78EA6F61364411C0037BD27 /* de */,
			);
			name = FlickrImageSize.strings;
			sourceTree = "<group>";
		};
/* End PBXVariantGroup section */

/* Begin XCBuildConfiguration section */
		C769253F132FEC6D005F6AC3 /* Debug */ = {
			isa = XCBuildConfiguration;
			buildSettings = {
				ARCHS = "$(ARCHS_STANDARD_32_64_BIT)";
				GCC_C_LANGUAGE_STANDARD = gnu99;
				GCC_OPTIMIZATION_LEVEL = 0;
				GCC_PREPROCESSOR_DEFINITIONS = DEBUG;
				GCC_SYMBOLS_PRIVATE_EXTERN = NO;
				GCC_VERSION = com.apple.compilers.llvm.clang.1_0;
				GCC_WARN_64_TO_32_BIT_CONVERSION = YES;
				GCC_WARN_ABOUT_MISSING_PROTOTYPES = YES;
				GCC_WARN_ABOUT_RETURN_TYPE = YES;
				GCC_WARN_UNUSED_VARIABLE = YES;
				INSTALL_PATH = "";
				LD_DYLIB_INSTALL_NAME = "";
				MACOSX_DEPLOYMENT_TARGET = 10.6;
				ONLY_ACTIVE_ARCH = YES;
				SDKROOT = macosx;
			};
			name = Debug;
		};
		C7692540132FEC6D005F6AC3 /* Release */ = {
			isa = XCBuildConfiguration;
			buildSettings = {
				ARCHS = "$(ARCHS_STANDARD_32_64_BIT)";
				GCC_C_LANGUAGE_STANDARD = gnu99;
				GCC_VERSION = com.apple.compilers.llvm.clang.1_0;
				GCC_WARN_64_TO_32_BIT_CONVERSION = YES;
				GCC_WARN_ABOUT_MISSING_PROTOTYPES = YES;
				GCC_WARN_ABOUT_RETURN_TYPE = YES;
				GCC_WARN_UNUSED_VARIABLE = YES;
				INSTALL_PATH = "";
				LD_DYLIB_INSTALL_NAME = "";
				MACOSX_DEPLOYMENT_TARGET = 10.6;
				SDKROOT = macosx;
			};
			name = Release;
		};
		C7692542132FEC6D005F6AC3 /* Debug */ = {
			isa = XCBuildConfiguration;
			buildSettings = {
				ALWAYS_SEARCH_USER_PATHS = NO;
				COPY_PHASE_STRIP = NO;
				DYLIB_COMPATIBILITY_VERSION = 1;
				DYLIB_CURRENT_VERSION = 1;
				FRAMEWORK_VERSION = A;
				GCC_DYNAMIC_NO_PIC = NO;
				GCC_ENABLE_OBJC_EXCEPTIONS = YES;
				GCC_PRECOMPILE_PREFIX_HEADER = YES;
				GCC_PREFIX_HEADER = "Source/FlickrKit-Prefix.pch";
				INFOPLIST_FILE = "FlickrKit-Info.plist";
				INSTALL_PATH = "@rpath";
				LD_DYLIB_INSTALL_NAME = "@rpath/FlickrKit.framework/Versions/A/FlickrKit";
				PRODUCT_NAME = FlickrKit;
				WRAPPER_EXTENSION = framework;
			};
			name = Debug;
		};
		C7692543132FEC6D005F6AC3 /* Release */ = {
			isa = XCBuildConfiguration;
			buildSettings = {
				ALWAYS_SEARCH_USER_PATHS = NO;
				COPY_PHASE_STRIP = YES;
				DEBUG_INFORMATION_FORMAT = "dwarf-with-dsym";
				DYLIB_COMPATIBILITY_VERSION = 1;
				DYLIB_CURRENT_VERSION = 1;
				FRAMEWORK_VERSION = A;
				GCC_ENABLE_OBJC_EXCEPTIONS = YES;
				GCC_PRECOMPILE_PREFIX_HEADER = YES;
				GCC_PREFIX_HEADER = "Source/FlickrKit-Prefix.pch";
				INFOPLIST_FILE = "FlickrKit-Info.plist";
				INSTALL_PATH = "@rpath";
				LD_DYLIB_INSTALL_NAME = "@rpath/FlickrKit.framework/Versions/A/FlickrKit";
				PRODUCT_NAME = FlickrKit;
				WRAPPER_EXTENSION = framework;
			};
			name = Release;
		};
/* End XCBuildConfiguration section */

/* Begin XCConfigurationList section */
		C7692528132FEC6D005F6AC3 /* Build configuration list for PBXProject "FlickrKit" */ = {
			isa = XCConfigurationList;
			buildConfigurations = (
				C769253F132FEC6D005F6AC3 /* Debug */,
				C7692540132FEC6D005F6AC3 /* Release */,
			);
			defaultConfigurationIsVisible = 0;
			defaultConfigurationName = Release;
		};
		C7692541132FEC6D005F6AC3 /* Build configuration list for PBXNativeTarget "FlickrKit" */ = {
			isa = XCConfigurationList;
			buildConfigurations = (
				C7692542132FEC6D005F6AC3 /* Debug */,
				C7692543132FEC6D005F6AC3 /* Release */,
			);
			defaultConfigurationIsVisible = 0;
			defaultConfigurationName = Release;
		};
/* End XCConfigurationList section */
	};
	rootObject = C7692525132FEC6D005F6AC3 /* Project object */;
}
